// !$*UTF8*$!
{
	archiveVersion = 1;
	classes = {
	};
	objectVersion = 46;
	objects = {

/* Begin PBXBuildFile section */
		079D1B2BD72EF464AC575D16 /* Pods_Example_Project.framework in Frameworks */ = {isa = PBXBuildFile; fileRef = E127869A7774F2307FDE67AF /* Pods_Example_Project.framework */; };
		6AA63908C2E7F86768F36D15 /* Pods_SnapImagePicker_UI_Tests.framework in Frameworks */ = {isa = PBXBuildFile; fileRef = D2ADB2AF460F2DD3AA88CC1D /* Pods_SnapImagePicker_UI_Tests.framework */; };
		D413D78C77F7D7F16F98B167 /* Pods_SnapImagePicker_Unit_Tests.framework in Frameworks */ = {isa = PBXBuildFile; fileRef = DF84CAF8E107A5EC8FBD7A20 /* Pods_SnapImagePicker_Unit_Tests.framework */; };
		D812DDFD1D363DE000F0E488 /* dress.jpg in Resources */ = {isa = PBXBuildFile; fileRef = D812DDFC1D363DE000F0E488 /* dress.jpg */; };
		D82468481D2158F8009DB2A4 /* SnapImagePickerTransition.swift in Sources */ = {isa = PBXBuildFile; fileRef = D82468471D2158F8009DB2A4 /* SnapImagePickerTransition.swift */; };
		D82468541D215A90009DB2A4 /* AlbumCell.swift in Sources */ = {isa = PBXBuildFile; fileRef = D82468531D215A90009DB2A4 /* AlbumCell.swift */; };
		D82468571D215B91009DB2A4 /* Album.swift in Sources */ = {isa = PBXBuildFile; fileRef = D82468561D215B91009DB2A4 /* Album.swift */; };
		D82468591D215D09009DB2A4 /* PhotoLoader.swift in Sources */ = {isa = PBXBuildFile; fileRef = D82468581D215D09009DB2A4 /* PhotoLoader.swift */; };
		D824685B1D215F0B009DB2A4 /* AlbumSelectorEventHandler.swift in Sources */ = {isa = PBXBuildFile; fileRef = D824685A1D215F0B009DB2A4 /* AlbumSelectorEventHandler.swift */; };
		D824685D1D22A55F009DB2A4 /* UIScrollView+getBounds.swift in Sources */ = {isa = PBXBuildFile; fileRef = D824685C1D22A55F009DB2A4 /* UIScrollView+getBounds.swift */; };
		D82825C71D2E72CE00F6A5BD /* SnapImagePickerImage.swift in Sources */ = {isa = PBXBuildFile; fileRef = D82825C61D2E72CE00F6A5BD /* SnapImagePickerImage.swift */; };
		D8359FCF1D2BDFCC00C042A2 /* ImageLoader.swift in Sources */ = {isa = PBXBuildFile; fileRef = D8359FCE1D2BDFCC00C042A2 /* ImageLoader.swift */; };
		D8359FD21D2BE01300C042A2 /* AlbumLoader.swift in Sources */ = {isa = PBXBuildFile; fileRef = D8359FD11D2BE01300C042A2 /* AlbumLoader.swift */; };
		D83849341D54A7EB00A70EA8 /* UIImageView+translateCoordinates.swift in Sources */ = {isa = PBXBuildFile; fileRef = D83849331D54A7EB00A70EA8 /* UIImageView+translateCoordinates.swift */; };
		D83B8C2A1D0EE4D700C6995A /* ImageCell.swift in Sources */ = {isa = PBXBuildFile; fileRef = D83B8C291D0EE4D700C6995A /* ImageCell.swift */; };
		D83E55FE1D2BFB9E00338F5D /* UIImage+rotate.swift in Sources */ = {isa = PBXBuildFile; fileRef = D83E55FD1D2BFB9E00338F5D /* UIImage+rotate.swift */; };
		D847B4191D1D20FC00D58E2C /* ImageGridView.swift in Sources */ = {isa = PBXBuildFile; fileRef = D847B4181D1D20FC00D58E2C /* ImageGridView.swift */; };
		D847B41F1D1D24A900D58E2C /* SnapImagePickerViewControllerProtocol.swift in Sources */ = {isa = PBXBuildFile; fileRef = D847B41E1D1D24A900D58E2C /* SnapImagePickerViewControllerProtocol.swift */; };
		D847B4231D1D281D00D58E2C /* AlbumSelectorViewControllerProtocol.swift in Sources */ = {isa = PBXBuildFile; fileRef = D847B4221D1D281D00D58E2C /* AlbumSelectorViewControllerProtocol.swift */; };
		D847B4251D1D283600D58E2C /* AlbumSelectorViewController.swift in Sources */ = {isa = PBXBuildFile; fileRef = D847B4241D1D283600D58E2C /* AlbumSelectorViewController.swift */; };
		D847B4271D1D28F000D58E2C /* SnapImagePickerPresenterProtocol.swift in Sources */ = {isa = PBXBuildFile; fileRef = D847B4261D1D28F000D58E2C /* SnapImagePickerPresenterProtocol.swift */; };
		D847B4291D1D298900D58E2C /* SnapImagePickerPresenter.swift in Sources */ = {isa = PBXBuildFile; fileRef = D847B4281D1D298900D58E2C /* SnapImagePickerPresenter.swift */; };
		D847B42D1D1D2A6100D58E2C /* SnapImagePickerInteractor.swift in Sources */ = {isa = PBXBuildFile; fileRef = D847B42C1D1D2A6100D58E2C /* SnapImagePickerInteractor.swift */; };
		D847B4311D1D2B7500D58E2C /* SnapImagePickerEventHandlerProtocol.swift in Sources */ = {isa = PBXBuildFile; fileRef = D847B4301D1D2B7500D58E2C /* SnapImagePickerEventHandlerProtocol.swift */; };
		D847B43D1D1D35EE00D58E2C /* SnapImagePickerViewController.swift in Sources */ = {isa = PBXBuildFile; fileRef = D847B43C1D1D35EE00D58E2C /* SnapImagePickerViewController.swift */; };
		D847B43F1D1D368400D58E2C /* AlbumSelectorPresenterProtocol.swift in Sources */ = {isa = PBXBuildFile; fileRef = D847B43E1D1D368400D58E2C /* AlbumSelectorPresenterProtocol.swift */; };
		D847B4411D1D36B600D58E2C /* AlbumSelectorPresenter.swift in Sources */ = {isa = PBXBuildFile; fileRef = D847B4401D1D36B600D58E2C /* AlbumSelectorPresenter.swift */; };
		D847B4451D1D373800D58E2C /* AlbumSelectorInteractorProtocol.swift in Sources */ = {isa = PBXBuildFile; fileRef = D847B4441D1D373800D58E2C /* AlbumSelectorInteractorProtocol.swift */; };
		D847B4471D1D375500D58E2C /* AlbumSelectorInteractor.swift in Sources */ = {isa = PBXBuildFile; fileRef = D847B4461D1D375500D58E2C /* AlbumSelectorInteractor.swift */; };
		D847B4491D1D3A4B00D58E2C /* SnapImagePickerInteractorProtocol.swift in Sources */ = {isa = PBXBuildFile; fileRef = D847B4481D1D3A4B00D58E2C /* SnapImagePickerInteractorProtocol.swift */; };
		D847B44B1D1D3AA500D58E2C /* SnapImagePickerEntityGatewayProtocol.swift in Sources */ = {isa = PBXBuildFile; fileRef = D847B44A1D1D3AA500D58E2C /* SnapImagePickerEntityGatewayProtocol.swift */; };
		D847B44D1D1D3ABA00D58E2C /* SnapImagePickerEntityGateway.swift in Sources */ = {isa = PBXBuildFile; fileRef = D847B44C1D1D3ABA00D58E2C /* SnapImagePickerEntityGateway.swift */; };
		D847B44F1D1D3AE100D58E2C /* AlbumSelectorEntityGatewayProtocol.swift in Sources */ = {isa = PBXBuildFile; fileRef = D847B44E1D1D3AE100D58E2C /* AlbumSelectorEntityGatewayProtocol.swift */; };
		D847B4511D1D3AF400D58E2C /* AlbumSelectorEntityGateway.swift in Sources */ = {isa = PBXBuildFile; fileRef = D847B4501D1D3AF400D58E2C /* AlbumSelectorEntityGateway.swift */; };
		D847B4551D1D5C9400D58E2C /* SnapImagePickerViewModel.swift in Sources */ = {isa = PBXBuildFile; fileRef = D847B4541D1D5C9400D58E2C /* SnapImagePickerViewModel.swift */; };
		D847B45A1D1D644000D58E2C /* UIImage+square.swift in Sources */ = {isa = PBXBuildFile; fileRef = D847B4591D1D644000D58E2C /* UIImage+square.swift */; };
		D855BAD91D456BE900D80237 /* Assets.xcassets in Resources */ = {isa = PBXBuildFile; fileRef = D855BAD81D456BE900D80237 /* Assets.xcassets */; };
		D877B86B1D4F956800FE9B3B /* SnapImagePickerUITests.swift in Sources */ = {isa = PBXBuildFile; fileRef = D877B86A1D4F956800FE9B3B /* SnapImagePickerUITests.swift */; };
		D87999F61D23CCF400683406 /* UIScrollView+fakeBounce.swift in Sources */ = {isa = PBXBuildFile; fileRef = D87999F51D23CCF400683406 /* UIScrollView+fakeBounce.swift */; };
		D883007D1D06C72600399612 /* AppDelegate.swift in Sources */ = {isa = PBXBuildFile; fileRef = D883007C1D06C72600399612 /* AppDelegate.swift */; };
		D883007F1D06C72600399612 /* ViewController.swift in Sources */ = {isa = PBXBuildFile; fileRef = D883007E1D06C72600399612 /* ViewController.swift */; };
		D88300821D06C72600399612 /* Main.storyboard in Resources */ = {isa = PBXBuildFile; fileRef = D88300801D06C72600399612 /* Main.storyboard */; };
		D88300841D06C72600399612 /* Assets.xcassets in Resources */ = {isa = PBXBuildFile; fileRef = D88300831D06C72600399612 /* Assets.xcassets */; };
		D88300871D06C72600399612 /* LaunchScreen.storyboard in Resources */ = {isa = PBXBuildFile; fileRef = D88300851D06C72600399612 /* LaunchScreen.storyboard */; };
		D88FD29B1D410CA700C7290F /* Range+rangeDifference.swift in Sources */ = {isa = PBXBuildFile; fileRef = D88FD29A1D410CA700C7290F /* Range+rangeDifference.swift */; };
		D8932B191D5B5A9C006776B2 /* SnapImagePickerProtocol.swift in Sources */ = {isa = PBXBuildFile; fileRef = D8932B181D5B5A9C006776B2 /* SnapImagePickerProtocol.swift */; };
		D8932B1B1D5B5AE3006776B2 /* SnapImagePickerTheme.swift in Sources */ = {isa = PBXBuildFile; fileRef = D8932B1A1D5B5AE3006776B2 /* SnapImagePickerTheme.swift */; };
		D893FA741D2D329600E71429 /* NSLayoutConstraint+changeMultiplier.swift in Sources */ = {isa = PBXBuildFile; fileRef = D893FA731D2D329600E71429 /* NSLayoutConstraint+changeMultiplier.swift */; };
		D893FA761D2D40E000E71429 /* UIScrollView+centerFullImageInImageView.swift in Sources */ = {isa = PBXBuildFile; fileRef = D893FA751D2D40E000E71429 /* UIScrollView+centerFullImageInImageView.swift */; };
		D893FA781D2D446400E71429 /* ImageOptions.swift in Sources */ = {isa = PBXBuildFile; fileRef = D893FA771D2D446400E71429 /* ImageOptions.swift */; };
		D893FA7A1D2D528600E71429 /* DisplayState.swift in Sources */ = {isa = PBXBuildFile; fileRef = D893FA791D2D528600E71429 /* DisplayState.swift */; };
		D893FA7E1D2D545500E71429 /* Display.swift in Sources */ = {isa = PBXBuildFile; fileRef = D893FA7D1D2D545500E71429 /* Display.swift */; };
		D893FA801D2E4CE400E71429 /* CGSize+displayType.swift in Sources */ = {isa = PBXBuildFile; fileRef = D893FA7F1D2E4CE400E71429 /* CGSize+displayType.swift */; };
		D89D6FE91D06CC06007DD132 /* SnapImagePicker.h in Headers */ = {isa = PBXBuildFile; fileRef = D89D6FE81D06CC06007DD132 /* SnapImagePicker.h */; settings = {ATTRIBUTES = (Public, ); }; };
		D89D6FFC1D06CC06007DD132 /* SnapImagePicker.framework in Embed Frameworks */ = {isa = PBXBuildFile; fileRef = D89D6FE61D06CC06007DD132 /* SnapImagePicker.framework */; settings = {ATTRIBUTES = (CodeSignOnCopy, RemoveHeadersOnCopy, ); }; };
		D89D70051D06CEF1007DD132 /* SnapImagePickerConnector.swift in Sources */ = {isa = PBXBuildFile; fileRef = D89D70041D06CEF1007DD132 /* SnapImagePickerConnector.swift */; };
		D89D70071D06CF2E007DD132 /* SnapImagePickerDelegate.swift in Sources */ = {isa = PBXBuildFile; fileRef = D89D70061D06CF2E007DD132 /* SnapImagePickerDelegate.swift */; };
		D89D70091D06CFAC007DD132 /* SnapImagePicker.storyboard in Resources */ = {isa = PBXBuildFile; fileRef = D89D70081D06CFAC007DD132 /* SnapImagePicker.storyboard */; };
		D8A479991D3E75C1008FA721 /* UIImageOrientation+next.swift in Sources */ = {isa = PBXBuildFile; fileRef = D8A479981D3E75C1008FA721 /* UIImageOrientation+next.swift */; };
		D8A4799B1D3E76BD008FA721 /* UIImageOrientation+toCGAffineTransformRadians.swift in Sources */ = {isa = PBXBuildFile; fileRef = D8A4799A1D3E76BD008FA721 /* UIImageOrientation+toCGAffineTransformRadians.swift */; };
		D8A4799E1D3E7FF8008FA721 /* ImageLoaderMock.swift in Sources */ = {isa = PBXBuildFile; fileRef = D8A4799D1D3E7FF8008FA721 /* ImageLoaderMock.swift */; };
		D8A479A11D3E8020008FA721 /* PHFetchResultMock.swift in Sources */ = {isa = PBXBuildFile; fileRef = D8A479A01D3E8020008FA721 /* PHFetchResultMock.swift */; };
		D8A49FAE1D4F86CD00B3D574 /* PHFetchResultMock.swift in Sources */ = {isa = PBXBuildFile; fileRef = D8A49FAD1D4F86CD00B3D574 /* PHFetchResultMock.swift */; };
		D8A49FB01D4F873400B3D574 /* PHAssetMock.swift in Sources */ = {isa = PBXBuildFile; fileRef = D8A49FAF1D4F873400B3D574 /* PHAssetMock.swift */; };
		D8A86A501D5C7E0F00CAA47D /* UIImage+setAlpha.swift in Sources */ = {isa = PBXBuildFile; fileRef = D8A86A4F1D5C7E0F00CAA47D /* UIImage+setAlpha.swift */; };
		D8BB94911D4F489000E0BB4F /* PhotoLoaderSpy.swift in Sources */ = {isa = PBXBuildFile; fileRef = D8BB94901D4F489000E0BB4F /* PhotoLoaderSpy.swift */; };
		D8BB94941D4F4A3D00E0BB4F /* SnapImagePickerEntityGatewaySpy.swift in Sources */ = {isa = PBXBuildFile; fileRef = D8BB94931D4F4A3D00E0BB4F /* SnapImagePickerEntityGatewaySpy.swift */; };
		D8BB94961D4F4BB800E0BB4F /* SnapImagePickerInteractorSpy.swift in Sources */ = {isa = PBXBuildFile; fileRef = D8BB94951D4F4BB800E0BB4F /* SnapImagePickerInteractorSpy.swift */; };
		D8BB94981D4F4D6E00E0BB4F /* SnapImagePickerPresenterSpy.swift in Sources */ = {isa = PBXBuildFile; fileRef = D8BB94971D4F4D6E00E0BB4F /* SnapImagePickerPresenterSpy.swift */; };
		D8BB949A1D4F501E00E0BB4F /* SnapImagePickerViewControllerSpy.swift in Sources */ = {isa = PBXBuildFile; fileRef = D8BB94991D4F501E00E0BB4F /* SnapImagePickerViewControllerSpy.swift */; };
		D8BB949C1D4F511100E0BB4F /* SnapImagePickerConnectorSpy.swift in Sources */ = {isa = PBXBuildFile; fileRef = D8BB949B1D4F511100E0BB4F /* SnapImagePickerConnectorSpy.swift */; };
		D8BB94A31D4F526600E0BB4F /* SnapImagePickerPresenterTests.swift in Sources */ = {isa = PBXBuildFile; fileRef = D8BB94A21D4F526600E0BB4F /* SnapImagePickerPresenterTests.swift */; };
		D8BF9CA51D266BA100DC1F02 /* UIScrollView+correction.swift in Sources */ = {isa = PBXBuildFile; fileRef = D8BF9CA41D266BA100DC1F02 /* UIScrollView+correction.swift */; };
		D8BF9CAB1D26B3DA00DC1F02 /* DownwardsArrowView.swift in Sources */ = {isa = PBXBuildFile; fileRef = D8BF9CAA1D26B3DA00DC1F02 /* DownwardsArrowView.swift */; };
		D8CB05BE1D3F6E5900002745 /* Localizable.strings in Resources */ = {isa = PBXBuildFile; fileRef = D8CB05C01D3F6E5900002745 /* Localizable.strings */; };
		D8CB05C81D3F6F4300002745 /* Strings.swift in Sources */ = {isa = PBXBuildFile; fileRef = D8CB05C71D3F6F4300002745 /* Strings.swift */; };
		D8F4237B1D59C47C00391B81 /* UIImageOrientation+isHorizontal.swift in Sources */ = {isa = PBXBuildFile; fileRef = D8F4237A1D59C47C00391B81 /* UIImageOrientation+isHorizontal.swift */; };
		D8F4F1AF1D4F636100FF9550 /* SnapImagePickerEventHandlerTests.swift in Sources */ = {isa = PBXBuildFile; fileRef = D8F4F1AE1D4F636100FF9550 /* SnapImagePickerEventHandlerTests.swift */; };
		D8F4F1B11D4F683700FF9550 /* Assets.xcassets in Resources */ = {isa = PBXBuildFile; fileRef = D8F4F1B01D4F683700FF9550 /* Assets.xcassets */; };
		D8F4F1B31D4F6EBF00FF9550 /* SnapImagePickerInteractorTests.swift in Sources */ = {isa = PBXBuildFile; fileRef = D8F4F1B21D4F6EBF00FF9550 /* SnapImagePickerInteractorTests.swift */; };
		D8F4F1B51D4F79EC00FF9550 /* SnapImagePickerEntityGatewayTests.swift in Sources */ = {isa = PBXBuildFile; fileRef = D8F4F1B41D4F79EC00FF9550 /* SnapImagePickerEntityGatewayTests.swift */; };
		D8F4F1B91D4F818000FF9550 /* PhotoLoaderMock.swift in Sources */ = {isa = PBXBuildFile; fileRef = D8F4F1B81D4F818000FF9550 /* PhotoLoaderMock.swift */; };
		DC5E6A232D8A7569CD69D127 /* Pods_SnapImagePicker.framework in Frameworks */ = {isa = PBXBuildFile; fileRef = 47C9FCC71EEABB51CCCDB5FD /* Pods_SnapImagePicker.framework */; };
		EC41EB6B64D95570695B4AB8 /* Pods_SnapImagePicker_Snapshot_Tests.framework in Frameworks */ = {isa = PBXBuildFile; fileRef = D126DA0F57807701D299D742 /* Pods_SnapImagePicker_Snapshot_Tests.framework */; };
/* End PBXBuildFile section */

/* Begin PBXContainerItemProxy section */
		D812DDF21D362C9200F0E488 /* PBXContainerItemProxy */ = {
			isa = PBXContainerItemProxy;
			containerPortal = D88300711D06C72600399612 /* Project object */;
			proxyType = 1;
			remoteGlobalIDString = D88300781D06C72600399612;
			remoteInfo = Example_Project;
		};
		D8240C501D5B685C00B52BFD /* PBXContainerItemProxy */ = {
			isa = PBXContainerItemProxy;
			containerPortal = D88300711D06C72600399612 /* Project object */;
			proxyType = 1;
			remoteGlobalIDString = D88300781D06C72600399612;
			remoteInfo = Example_Project;
		};
		D84614051D368B5E00B2A71D /* PBXContainerItemProxy */ = {
			isa = PBXContainerItemProxy;
			containerPortal = D88300711D06C72600399612 /* Project object */;
			proxyType = 1;
			remoteGlobalIDString = D88300781D06C72600399612;
			remoteInfo = Example_Project;
		};
		D89D6FF91D06CC06007DD132 /* PBXContainerItemProxy */ = {
			isa = PBXContainerItemProxy;
			containerPortal = D88300711D06C72600399612 /* Project object */;
			proxyType = 1;
			remoteGlobalIDString = D89D6FE51D06CC06007DD132;
			remoteInfo = SnapImagePicker;
		};
/* End PBXContainerItemProxy section */

/* Begin PBXCopyFilesBuildPhase section */
		D89D70001D06CC06007DD132 /* Embed Frameworks */ = {
			isa = PBXCopyFilesBuildPhase;
			buildActionMask = 2147483647;
			dstPath = "";
			dstSubfolderSpec = 10;
			files = (
				D89D6FFC1D06CC06007DD132 /* SnapImagePicker.framework in Embed Frameworks */,
			);
			name = "Embed Frameworks";
			runOnlyForDeploymentPostprocessing = 0;
		};
/* End PBXCopyFilesBuildPhase section */

/* Begin PBXFileReference section */
		15AAE255BF6FB84D2C6BB487 /* Pods-SnapImagePicker_Snapshot_Tests.debug.xcconfig */ = {isa = PBXFileReference; includeInIndex = 1; lastKnownFileType = text.xcconfig; name = "Pods-SnapImagePicker_Snapshot_Tests.debug.xcconfig"; path = "Pods/Target Support Files/Pods-SnapImagePicker_Snapshot_Tests/Pods-SnapImagePicker_Snapshot_Tests.debug.xcconfig"; sourceTree = "<group>"; };
		32DFFEDAC20492EE9F41DFBA /* Pods-Example_Project.release.xcconfig */ = {isa = PBXFileReference; includeInIndex = 1; lastKnownFileType = text.xcconfig; name = "Pods-Example_Project.release.xcconfig"; path = "Pods/Target Support Files/Pods-Example_Project/Pods-Example_Project.release.xcconfig"; sourceTree = "<group>"; };
		47C9FCC71EEABB51CCCDB5FD /* Pods_SnapImagePicker.framework */ = {isa = PBXFileReference; explicitFileType = wrapper.framework; includeInIndex = 0; path = Pods_SnapImagePicker.framework; sourceTree = BUILT_PRODUCTS_DIR; };
		639F66A051884F3BB8E3488C /* Pods-SnapImagePicker.release.xcconfig */ = {isa = PBXFileReference; includeInIndex = 1; lastKnownFileType = text.xcconfig; name = "Pods-SnapImagePicker.release.xcconfig"; path = "Pods/Target Support Files/Pods-SnapImagePicker/Pods-SnapImagePicker.release.xcconfig"; sourceTree = "<group>"; };
		9445E2E881A2210E6EACFDF4 /* Pods-SnapImagePicker.debug.xcconfig */ = {isa = PBXFileReference; includeInIndex = 1; lastKnownFileType = text.xcconfig; name = "Pods-SnapImagePicker.debug.xcconfig"; path = "Pods/Target Support Files/Pods-SnapImagePicker/Pods-SnapImagePicker.debug.xcconfig"; sourceTree = "<group>"; };
		9FA6A0DF2EEE1CF43AC91190 /* Pods-SnapImagePicker_UI_Tests.debug.xcconfig */ = {isa = PBXFileReference; includeInIndex = 1; lastKnownFileType = text.xcconfig; name = "Pods-SnapImagePicker_UI_Tests.debug.xcconfig"; path = "Pods/Target Support Files/Pods-SnapImagePicker_UI_Tests/Pods-SnapImagePicker_UI_Tests.debug.xcconfig"; sourceTree = "<group>"; };
		A377C19D94E44FA9B7E1A60D /* Pods-SnapImagePicker_Snapshot_Tests.release.xcconfig */ = {isa = PBXFileReference; includeInIndex = 1; lastKnownFileType = text.xcconfig; name = "Pods-SnapImagePicker_Snapshot_Tests.release.xcconfig"; path = "Pods/Target Support Files/Pods-SnapImagePicker_Snapshot_Tests/Pods-SnapImagePicker_Snapshot_Tests.release.xcconfig"; sourceTree = "<group>"; };
		BBA8E0F6EC87708F6B30B36D /* Pods-SnapImagePicker_UI_Tests.release.xcconfig */ = {isa = PBXFileReference; includeInIndex = 1; lastKnownFileType = text.xcconfig; name = "Pods-SnapImagePicker_UI_Tests.release.xcconfig"; path = "Pods/Target Support Files/Pods-SnapImagePicker_UI_Tests/Pods-SnapImagePicker_UI_Tests.release.xcconfig"; sourceTree = "<group>"; };
		D071DB34BA29D0DE244DB5F3 /* Pods-Example_Project.debug.xcconfig */ = {isa = PBXFileReference; includeInIndex = 1; lastKnownFileType = text.xcconfig; name = "Pods-Example_Project.debug.xcconfig"; path = "Pods/Target Support Files/Pods-Example_Project/Pods-Example_Project.debug.xcconfig"; sourceTree = "<group>"; };
		D126DA0F57807701D299D742 /* Pods_SnapImagePicker_Snapshot_Tests.framework */ = {isa = PBXFileReference; explicitFileType = wrapper.framework; includeInIndex = 0; path = Pods_SnapImagePicker_Snapshot_Tests.framework; sourceTree = BUILT_PRODUCTS_DIR; };
		D2ADB2AF460F2DD3AA88CC1D /* Pods_SnapImagePicker_UI_Tests.framework */ = {isa = PBXFileReference; explicitFileType = wrapper.framework; includeInIndex = 0; path = Pods_SnapImagePicker_UI_Tests.framework; sourceTree = BUILT_PRODUCTS_DIR; };
		D4107D64144A6F2592CFC6AA /* Pods-SnapImagePicker_Unit_Tests.release.xcconfig */ = {isa = PBXFileReference; includeInIndex = 1; lastKnownFileType = text.xcconfig; name = "Pods-SnapImagePicker_Unit_Tests.release.xcconfig"; path = "Pods/Target Support Files/Pods-SnapImagePicker_Unit_Tests/Pods-SnapImagePicker_Unit_Tests.release.xcconfig"; sourceTree = "<group>"; };
		D812DDED1D362C9200F0E488 /* SnapImagePicker_Snapshot_Tests.xctest */ = {isa = PBXFileReference; explicitFileType = wrapper.cfbundle; includeInIndex = 0; path = SnapImagePicker_Snapshot_Tests.xctest; sourceTree = BUILT_PRODUCTS_DIR; };
		D812DDF11D362C9200F0E488 /* Info.plist */ = {isa = PBXFileReference; lastKnownFileType = text.plist.xml; path = Info.plist; sourceTree = "<group>"; };
		D812DDFC1D363DE000F0E488 /* dress.jpg */ = {isa = PBXFileReference; lastKnownFileType = image.jpeg; path = dress.jpg; sourceTree = "<group>"; };
		D82468471D2158F8009DB2A4 /* SnapImagePickerTransition.swift */ = {isa = PBXFileReference; fileEncoding = 4; lastKnownFileType = sourcecode.swift; path = SnapImagePickerTransition.swift; sourceTree = "<group>"; };
		D82468531D215A90009DB2A4 /* AlbumCell.swift */ = {isa = PBXFileReference; fileEncoding = 4; lastKnownFileType = sourcecode.swift; path = AlbumCell.swift; sourceTree = "<group>"; };
		D82468561D215B91009DB2A4 /* Album.swift */ = {isa = PBXFileReference; fileEncoding = 4; lastKnownFileType = sourcecode.swift; path = Album.swift; sourceTree = "<group>"; };
		D82468581D215D09009DB2A4 /* PhotoLoader.swift */ = {isa = PBXFileReference; fileEncoding = 4; lastKnownFileType = sourcecode.swift; path = PhotoLoader.swift; sourceTree = "<group>"; };
		D824685A1D215F0B009DB2A4 /* AlbumSelectorEventHandler.swift */ = {isa = PBXFileReference; fileEncoding = 4; lastKnownFileType = sourcecode.swift; path = AlbumSelectorEventHandler.swift; sourceTree = "<group>"; };
		D824685C1D22A55F009DB2A4 /* UIScrollView+getBounds.swift */ = {isa = PBXFileReference; fileEncoding = 4; lastKnownFileType = sourcecode.swift; path = "UIScrollView+getBounds.swift"; sourceTree = "<group>"; };
		D82825C61D2E72CE00F6A5BD /* SnapImagePickerImage.swift */ = {isa = PBXFileReference; fileEncoding = 4; lastKnownFileType = sourcecode.swift; path = SnapImagePickerImage.swift; sourceTree = "<group>"; };
		D8359FCE1D2BDFCC00C042A2 /* ImageLoader.swift */ = {isa = PBXFileReference; fileEncoding = 4; lastKnownFileType = sourcecode.swift; path = ImageLoader.swift; sourceTree = "<group>"; };
		D8359FD11D2BE01300C042A2 /* AlbumLoader.swift */ = {isa = PBXFileReference; fileEncoding = 4; lastKnownFileType = sourcecode.swift; path = AlbumLoader.swift; sourceTree = "<group>"; };
		D83849331D54A7EB00A70EA8 /* UIImageView+translateCoordinates.swift */ = {isa = PBXFileReference; fileEncoding = 4; lastKnownFileType = sourcecode.swift; path = "UIImageView+translateCoordinates.swift"; sourceTree = "<group>"; };
		D83B8C291D0EE4D700C6995A /* ImageCell.swift */ = {isa = PBXFileReference; fileEncoding = 4; lastKnownFileType = sourcecode.swift; path = ImageCell.swift; sourceTree = "<group>"; };
		D83E55FD1D2BFB9E00338F5D /* UIImage+rotate.swift */ = {isa = PBXFileReference; fileEncoding = 4; lastKnownFileType = sourcecode.swift; path = "UIImage+rotate.swift"; sourceTree = "<group>"; };
		D84614001D368B5E00B2A71D /* SnapImagePicker_UI_Tests.xctest */ = {isa = PBXFileReference; explicitFileType = wrapper.cfbundle; includeInIndex = 0; path = SnapImagePicker_UI_Tests.xctest; sourceTree = BUILT_PRODUCTS_DIR; };
		D84614041D368B5E00B2A71D /* Info.plist */ = {isa = PBXFileReference; lastKnownFileType = text.plist.xml; path = Info.plist; sourceTree = "<group>"; };
		D847B4181D1D20FC00D58E2C /* ImageGridView.swift */ = {isa = PBXFileReference; fileEncoding = 4; lastKnownFileType = sourcecode.swift; path = ImageGridView.swift; sourceTree = "<group>"; };
		D847B41E1D1D24A900D58E2C /* SnapImagePickerViewControllerProtocol.swift */ = {isa = PBXFileReference; fileEncoding = 4; lastKnownFileType = sourcecode.swift; path = SnapImagePickerViewControllerProtocol.swift; sourceTree = "<group>"; };
		D847B4221D1D281D00D58E2C /* AlbumSelectorViewControllerProtocol.swift */ = {isa = PBXFileReference; fileEncoding = 4; lastKnownFileType = sourcecode.swift; path = AlbumSelectorViewControllerProtocol.swift; sourceTree = "<group>"; };
		D847B4241D1D283600D58E2C /* AlbumSelectorViewController.swift */ = {isa = PBXFileReference; fileEncoding = 4; lastKnownFileType = sourcecode.swift; path = AlbumSelectorViewController.swift; sourceTree = "<group>"; };
		D847B4261D1D28F000D58E2C /* SnapImagePickerPresenterProtocol.swift */ = {isa = PBXFileReference; fileEncoding = 4; lastKnownFileType = sourcecode.swift; path = SnapImagePickerPresenterProtocol.swift; sourceTree = "<group>"; };
		D847B4281D1D298900D58E2C /* SnapImagePickerPresenter.swift */ = {isa = PBXFileReference; fileEncoding = 4; lastKnownFileType = sourcecode.swift; path = SnapImagePickerPresenter.swift; sourceTree = "<group>"; };
		D847B42C1D1D2A6100D58E2C /* SnapImagePickerInteractor.swift */ = {isa = PBXFileReference; fileEncoding = 4; lastKnownFileType = sourcecode.swift; path = SnapImagePickerInteractor.swift; sourceTree = "<group>"; };
		D847B4301D1D2B7500D58E2C /* SnapImagePickerEventHandlerProtocol.swift */ = {isa = PBXFileReference; fileEncoding = 4; lastKnownFileType = sourcecode.swift; path = SnapImagePickerEventHandlerProtocol.swift; sourceTree = "<group>"; };
		D847B43C1D1D35EE00D58E2C /* SnapImagePickerViewController.swift */ = {isa = PBXFileReference; fileEncoding = 4; lastKnownFileType = sourcecode.swift; path = SnapImagePickerViewController.swift; sourceTree = "<group>"; };
		D847B43E1D1D368400D58E2C /* AlbumSelectorPresenterProtocol.swift */ = {isa = PBXFileReference; fileEncoding = 4; lastKnownFileType = sourcecode.swift; path = AlbumSelectorPresenterProtocol.swift; sourceTree = "<group>"; };
		D847B4401D1D36B600D58E2C /* AlbumSelectorPresenter.swift */ = {isa = PBXFileReference; fileEncoding = 4; lastKnownFileType = sourcecode.swift; path = AlbumSelectorPresenter.swift; sourceTree = "<group>"; };
		D847B4441D1D373800D58E2C /* AlbumSelectorInteractorProtocol.swift */ = {isa = PBXFileReference; fileEncoding = 4; lastKnownFileType = sourcecode.swift; path = AlbumSelectorInteractorProtocol.swift; sourceTree = "<group>"; };
		D847B4461D1D375500D58E2C /* AlbumSelectorInteractor.swift */ = {isa = PBXFileReference; fileEncoding = 4; lastKnownFileType = sourcecode.swift; path = AlbumSelectorInteractor.swift; sourceTree = "<group>"; };
		D847B4481D1D3A4B00D58E2C /* SnapImagePickerInteractorProtocol.swift */ = {isa = PBXFileReference; fileEncoding = 4; lastKnownFileType = sourcecode.swift; path = SnapImagePickerInteractorProtocol.swift; sourceTree = "<group>"; };
		D847B44A1D1D3AA500D58E2C /* SnapImagePickerEntityGatewayProtocol.swift */ = {isa = PBXFileReference; fileEncoding = 4; lastKnownFileType = sourcecode.swift; path = SnapImagePickerEntityGatewayProtocol.swift; sourceTree = "<group>"; };
		D847B44C1D1D3ABA00D58E2C /* SnapImagePickerEntityGateway.swift */ = {isa = PBXFileReference; fileEncoding = 4; lastKnownFileType = sourcecode.swift; path = SnapImagePickerEntityGateway.swift; sourceTree = "<group>"; };
		D847B44E1D1D3AE100D58E2C /* AlbumSelectorEntityGatewayProtocol.swift */ = {isa = PBXFileReference; fileEncoding = 4; lastKnownFileType = sourcecode.swift; path = AlbumSelectorEntityGatewayProtocol.swift; sourceTree = "<group>"; };
		D847B4501D1D3AF400D58E2C /* AlbumSelectorEntityGateway.swift */ = {isa = PBXFileReference; fileEncoding = 4; lastKnownFileType = sourcecode.swift; path = AlbumSelectorEntityGateway.swift; sourceTree = "<group>"; };
		D847B4541D1D5C9400D58E2C /* SnapImagePickerViewModel.swift */ = {isa = PBXFileReference; fileEncoding = 4; lastKnownFileType = sourcecode.swift; path = SnapImagePickerViewModel.swift; sourceTree = "<group>"; };
		D847B4591D1D644000D58E2C /* UIImage+square.swift */ = {isa = PBXFileReference; fileEncoding = 4; lastKnownFileType = sourcecode.swift; path = "UIImage+square.swift"; sourceTree = "<group>"; };
		D855BAD81D456BE900D80237 /* Assets.xcassets */ = {isa = PBXFileReference; lastKnownFileType = folder.assetcatalog; path = Assets.xcassets; sourceTree = "<group>"; };
		D877B86A1D4F956800FE9B3B /* SnapImagePickerUITests.swift */ = {isa = PBXFileReference; fileEncoding = 4; lastKnownFileType = sourcecode.swift; path = SnapImagePickerUITests.swift; sourceTree = "<group>"; };
		D87999F51D23CCF400683406 /* UIScrollView+fakeBounce.swift */ = {isa = PBXFileReference; fileEncoding = 4; lastKnownFileType = sourcecode.swift; path = "UIScrollView+fakeBounce.swift"; sourceTree = "<group>"; };
		D88300791D06C72600399612 /* Example_Project.app */ = {isa = PBXFileReference; explicitFileType = wrapper.application; includeInIndex = 0; path = Example_Project.app; sourceTree = BUILT_PRODUCTS_DIR; };
		D883007C1D06C72600399612 /* AppDelegate.swift */ = {isa = PBXFileReference; lastKnownFileType = sourcecode.swift; path = AppDelegate.swift; sourceTree = "<group>"; };
		D883007E1D06C72600399612 /* ViewController.swift */ = {isa = PBXFileReference; lastKnownFileType = sourcecode.swift; path = ViewController.swift; sourceTree = "<group>"; };
		D88300811D06C72600399612 /* Base */ = {isa = PBXFileReference; lastKnownFileType = file.storyboard; name = Base; path = Base.lproj/Main.storyboard; sourceTree = "<group>"; };
		D88300831D06C72600399612 /* Assets.xcassets */ = {isa = PBXFileReference; lastKnownFileType = folder.assetcatalog; path = Assets.xcassets; sourceTree = "<group>"; };
		D88300861D06C72600399612 /* Base */ = {isa = PBXFileReference; lastKnownFileType = file.storyboard; name = Base; path = Base.lproj/LaunchScreen.storyboard; sourceTree = "<group>"; };
		D88300881D06C72600399612 /* Info.plist */ = {isa = PBXFileReference; lastKnownFileType = text.plist.xml; path = Info.plist; sourceTree = "<group>"; };
		D88FD29A1D410CA700C7290F /* Range+rangeDifference.swift */ = {isa = PBXFileReference; fileEncoding = 4; lastKnownFileType = sourcecode.swift; path = "Range+rangeDifference.swift"; sourceTree = "<group>"; };
		D8932B181D5B5A9C006776B2 /* SnapImagePickerProtocol.swift */ = {isa = PBXFileReference; fileEncoding = 4; lastKnownFileType = sourcecode.swift; path = SnapImagePickerProtocol.swift; sourceTree = "<group>"; };
		D8932B1A1D5B5AE3006776B2 /* SnapImagePickerTheme.swift */ = {isa = PBXFileReference; fileEncoding = 4; lastKnownFileType = sourcecode.swift; path = SnapImagePickerTheme.swift; sourceTree = "<group>"; };
		D893FA731D2D329600E71429 /* NSLayoutConstraint+changeMultiplier.swift */ = {isa = PBXFileReference; fileEncoding = 4; lastKnownFileType = sourcecode.swift; path = "NSLayoutConstraint+changeMultiplier.swift"; sourceTree = "<group>"; };
		D893FA751D2D40E000E71429 /* UIScrollView+centerFullImageInImageView.swift */ = {isa = PBXFileReference; fileEncoding = 4; lastKnownFileType = sourcecode.swift; path = "UIScrollView+centerFullImageInImageView.swift"; sourceTree = "<group>"; };
		D893FA771D2D446400E71429 /* ImageOptions.swift */ = {isa = PBXFileReference; fileEncoding = 4; lastKnownFileType = sourcecode.swift; path = ImageOptions.swift; sourceTree = "<group>"; };
		D893FA791D2D528600E71429 /* DisplayState.swift */ = {isa = PBXFileReference; fileEncoding = 4; lastKnownFileType = sourcecode.swift; path = DisplayState.swift; sourceTree = "<group>"; };
		D893FA7D1D2D545500E71429 /* Display.swift */ = {isa = PBXFileReference; fileEncoding = 4; lastKnownFileType = sourcecode.swift; path = Display.swift; sourceTree = "<group>"; };
		D893FA7F1D2E4CE400E71429 /* CGSize+displayType.swift */ = {isa = PBXFileReference; fileEncoding = 4; lastKnownFileType = sourcecode.swift; path = "CGSize+displayType.swift"; sourceTree = "<group>"; };
		D89591E31D5365F100E7B9C0 /* Pods_SnapImagePicker.framework */ = {isa = PBXFileReference; lastKnownFileType = wrapper.framework; name = Pods_SnapImagePicker.framework; path = "../../Library/Developer/Xcode/DerivedData/SnapImagePicker-cwxgzidubuzenxcnyrjxbkkaefcd/Build/Products/Debug-iphonesimulator/Pods_SnapImagePicker.framework"; sourceTree = "<group>"; };
		D89D6FE61D06CC06007DD132 /* SnapImagePicker.framework */ = {isa = PBXFileReference; explicitFileType = wrapper.framework; includeInIndex = 0; path = SnapImagePicker.framework; sourceTree = BUILT_PRODUCTS_DIR; };
		D89D6FE81D06CC06007DD132 /* SnapImagePicker.h */ = {isa = PBXFileReference; lastKnownFileType = sourcecode.c.h; path = SnapImagePicker.h; sourceTree = "<group>"; };
		D89D6FEA1D06CC06007DD132 /* Info.plist */ = {isa = PBXFileReference; lastKnownFileType = text.plist.xml; path = Info.plist; sourceTree = "<group>"; };
		D89D6FEF1D06CC06007DD132 /* SnapImagePicker_Unit_Tests.xctest */ = {isa = PBXFileReference; explicitFileType = wrapper.cfbundle; includeInIndex = 0; path = SnapImagePicker_Unit_Tests.xctest; sourceTree = BUILT_PRODUCTS_DIR; };
		D89D6FF81D06CC06007DD132 /* Info.plist */ = {isa = PBXFileReference; lastKnownFileType = text.plist.xml; path = Info.plist; sourceTree = "<group>"; };
		D89D70041D06CEF1007DD132 /* SnapImagePickerConnector.swift */ = {isa = PBXFileReference; fileEncoding = 4; lastKnownFileType = sourcecode.swift; path = SnapImagePickerConnector.swift; sourceTree = "<group>"; };
		D89D70061D06CF2E007DD132 /* SnapImagePickerDelegate.swift */ = {isa = PBXFileReference; fileEncoding = 4; lastKnownFileType = sourcecode.swift; path = SnapImagePickerDelegate.swift; sourceTree = "<group>"; };
		D89D70081D06CFAC007DD132 /* SnapImagePicker.storyboard */ = {isa = PBXFileReference; fileEncoding = 4; lastKnownFileType = file.storyboard; path = SnapImagePicker.storyboard; sourceTree = "<group>"; };
		D8A479981D3E75C1008FA721 /* UIImageOrientation+next.swift */ = {isa = PBXFileReference; fileEncoding = 4; lastKnownFileType = sourcecode.swift; path = "UIImageOrientation+next.swift"; sourceTree = "<group>"; };
		D8A4799A1D3E76BD008FA721 /* UIImageOrientation+toCGAffineTransformRadians.swift */ = {isa = PBXFileReference; fileEncoding = 4; lastKnownFileType = sourcecode.swift; path = "UIImageOrientation+toCGAffineTransformRadians.swift"; sourceTree = "<group>"; };
		D8A4799D1D3E7FF8008FA721 /* ImageLoaderMock.swift */ = {isa = PBXFileReference; fileEncoding = 4; lastKnownFileType = sourcecode.swift; path = ImageLoaderMock.swift; sourceTree = "<group>"; };
		D8A479A01D3E8020008FA721 /* PHFetchResultMock.swift */ = {isa = PBXFileReference; fileEncoding = 4; lastKnownFileType = sourcecode.swift; path = PHFetchResultMock.swift; sourceTree = "<group>"; };
		D8A49FAD1D4F86CD00B3D574 /* PHFetchResultMock.swift */ = {isa = PBXFileReference; fileEncoding = 4; lastKnownFileType = sourcecode.swift; path = PHFetchResultMock.swift; sourceTree = "<group>"; };
		D8A49FAF1D4F873400B3D574 /* PHAssetMock.swift */ = {isa = PBXFileReference; fileEncoding = 4; lastKnownFileType = sourcecode.swift; path = PHAssetMock.swift; sourceTree = "<group>"; };
		D8A86A4F1D5C7E0F00CAA47D /* UIImage+setAlpha.swift */ = {isa = PBXFileReference; fileEncoding = 4; lastKnownFileType = sourcecode.swift; path = "UIImage+setAlpha.swift"; sourceTree = "<group>"; };
		D8BB94901D4F489000E0BB4F /* PhotoLoaderSpy.swift */ = {isa = PBXFileReference; fileEncoding = 4; lastKnownFileType = sourcecode.swift; path = PhotoLoaderSpy.swift; sourceTree = "<group>"; };
		D8BB94931D4F4A3D00E0BB4F /* SnapImagePickerEntityGatewaySpy.swift */ = {isa = PBXFileReference; fileEncoding = 4; lastKnownFileType = sourcecode.swift; path = SnapImagePickerEntityGatewaySpy.swift; sourceTree = "<group>"; };
		D8BB94951D4F4BB800E0BB4F /* SnapImagePickerInteractorSpy.swift */ = {isa = PBXFileReference; fileEncoding = 4; lastKnownFileType = sourcecode.swift; path = SnapImagePickerInteractorSpy.swift; sourceTree = "<group>"; };
		D8BB94971D4F4D6E00E0BB4F /* SnapImagePickerPresenterSpy.swift */ = {isa = PBXFileReference; fileEncoding = 4; lastKnownFileType = sourcecode.swift; path = SnapImagePickerPresenterSpy.swift; sourceTree = "<group>"; };
		D8BB94991D4F501E00E0BB4F /* SnapImagePickerViewControllerSpy.swift */ = {isa = PBXFileReference; fileEncoding = 4; lastKnownFileType = sourcecode.swift; path = SnapImagePickerViewControllerSpy.swift; sourceTree = "<group>"; };
		D8BB949B1D4F511100E0BB4F /* SnapImagePickerConnectorSpy.swift */ = {isa = PBXFileReference; fileEncoding = 4; lastKnownFileType = sourcecode.swift; path = SnapImagePickerConnectorSpy.swift; sourceTree = "<group>"; };
		D8BB94A21D4F526600E0BB4F /* SnapImagePickerPresenterTests.swift */ = {isa = PBXFileReference; fileEncoding = 4; lastKnownFileType = sourcecode.swift; path = SnapImagePickerPresenterTests.swift; sourceTree = "<group>"; };
		D8BF9CA41D266BA100DC1F02 /* UIScrollView+correction.swift */ = {isa = PBXFileReference; fileEncoding = 4; lastKnownFileType = sourcecode.swift; path = "UIScrollView+correction.swift"; sourceTree = "<group>"; };
		D8BF9CAA1D26B3DA00DC1F02 /* DownwardsArrowView.swift */ = {isa = PBXFileReference; fileEncoding = 4; lastKnownFileType = sourcecode.swift; path = DownwardsArrowView.swift; sourceTree = "<group>"; };
		D8CB05B81D3F6D2200002745 /* nb */ = {isa = PBXFileReference; lastKnownFileType = text.plist.strings; name = nb; path = nb.lproj/LaunchScreen.storyboard; sourceTree = "<group>"; };
		D8CB05B91D3F6D2200002745 /* nb */ = {isa = PBXFileReference; lastKnownFileType = text.plist.strings; name = nb; path = nb.lproj/Main.storyboard; sourceTree = "<group>"; };
		D8CB05BA1D3F6D2A00002745 /* sv */ = {isa = PBXFileReference; lastKnownFileType = text.plist.strings; name = sv; path = sv.lproj/LaunchScreen.storyboard; sourceTree = "<group>"; };
		D8CB05BB1D3F6D2A00002745 /* sv */ = {isa = PBXFileReference; lastKnownFileType = text.plist.strings; name = sv; path = sv.lproj/Main.storyboard; sourceTree = "<group>"; };
		D8CB05BC1D3F6D2F00002745 /* nl */ = {isa = PBXFileReference; lastKnownFileType = text.plist.strings; name = nl; path = nl.lproj/LaunchScreen.storyboard; sourceTree = "<group>"; };
		D8CB05BD1D3F6D2F00002745 /* nl */ = {isa = PBXFileReference; lastKnownFileType = text.plist.strings; name = nl; path = nl.lproj/Main.storyboard; sourceTree = "<group>"; };
		D8CB05BF1D3F6E5900002745 /* Base */ = {isa = PBXFileReference; lastKnownFileType = text.plist.strings; name = Base; path = Base.lproj/Localizable.strings; sourceTree = "<group>"; };
		D8CB05C11D3F6E5E00002745 /* en */ = {isa = PBXFileReference; lastKnownFileType = text.plist.strings; name = en; path = en.lproj/Localizable.strings; sourceTree = "<group>"; };
		D8CB05C21D3F6E6000002745 /* nb */ = {isa = PBXFileReference; lastKnownFileType = text.plist.strings; name = nb; path = nb.lproj/Localizable.strings; sourceTree = "<group>"; };
		D8CB05C31D3F6E6000002745 /* sv */ = {isa = PBXFileReference; lastKnownFileType = text.plist.strings; name = sv; path = sv.lproj/Localizable.strings; sourceTree = "<group>"; };
		D8CB05C41D3F6E6100002745 /* nl */ = {isa = PBXFileReference; lastKnownFileType = text.plist.strings; name = nl; path = nl.lproj/Localizable.strings; sourceTree = "<group>"; };
		D8CB05C71D3F6F4300002745 /* Strings.swift */ = {isa = PBXFileReference; fileEncoding = 4; lastKnownFileType = sourcecode.swift; path = Strings.swift; sourceTree = "<group>"; };
		D8F4237A1D59C47C00391B81 /* UIImageOrientation+isHorizontal.swift */ = {isa = PBXFileReference; fileEncoding = 4; lastKnownFileType = sourcecode.swift; path = "UIImageOrientation+isHorizontal.swift"; sourceTree = "<group>"; };
		D8F4F1AE1D4F636100FF9550 /* SnapImagePickerEventHandlerTests.swift */ = {isa = PBXFileReference; fileEncoding = 4; lastKnownFileType = sourcecode.swift; path = SnapImagePickerEventHandlerTests.swift; sourceTree = "<group>"; };
		D8F4F1B01D4F683700FF9550 /* Assets.xcassets */ = {isa = PBXFileReference; lastKnownFileType = folder.assetcatalog; path = Assets.xcassets; sourceTree = "<group>"; };
		D8F4F1B21D4F6EBF00FF9550 /* SnapImagePickerInteractorTests.swift */ = {isa = PBXFileReference; fileEncoding = 4; lastKnownFileType = sourcecode.swift; path = SnapImagePickerInteractorTests.swift; sourceTree = "<group>"; };
		D8F4F1B41D4F79EC00FF9550 /* SnapImagePickerEntityGatewayTests.swift */ = {isa = PBXFileReference; fileEncoding = 4; lastKnownFileType = sourcecode.swift; path = SnapImagePickerEntityGatewayTests.swift; sourceTree = "<group>"; };
		D8F4F1B81D4F818000FF9550 /* PhotoLoaderMock.swift */ = {isa = PBXFileReference; fileEncoding = 4; lastKnownFileType = sourcecode.swift; path = PhotoLoaderMock.swift; sourceTree = "<group>"; };
		DF84CAF8E107A5EC8FBD7A20 /* Pods_SnapImagePicker_Unit_Tests.framework */ = {isa = PBXFileReference; explicitFileType = wrapper.framework; includeInIndex = 0; path = Pods_SnapImagePicker_Unit_Tests.framework; sourceTree = BUILT_PRODUCTS_DIR; };
		E127869A7774F2307FDE67AF /* Pods_Example_Project.framework */ = {isa = PBXFileReference; explicitFileType = wrapper.framework; includeInIndex = 0; path = Pods_Example_Project.framework; sourceTree = BUILT_PRODUCTS_DIR; };
		E46A04D19BECC3EDEF73F577 /* Pods-SnapImagePicker_Unit_Tests.debug.xcconfig */ = {isa = PBXFileReference; includeInIndex = 1; lastKnownFileType = text.xcconfig; name = "Pods-SnapImagePicker_Unit_Tests.debug.xcconfig"; path = "Pods/Target Support Files/Pods-SnapImagePicker_Unit_Tests/Pods-SnapImagePicker_Unit_Tests.debug.xcconfig"; sourceTree = "<group>"; };
/* End PBXFileReference section */

/* Begin PBXFrameworksBuildPhase section */
		D812DDEA1D362C9200F0E488 /* Frameworks */ = {
			isa = PBXFrameworksBuildPhase;
			buildActionMask = 2147483647;
			files = (
				EC41EB6B64D95570695B4AB8 /* Pods_SnapImagePicker_Snapshot_Tests.framework in Frameworks */,
			);
			runOnlyForDeploymentPostprocessing = 0;
		};
		D84613FD1D368B5E00B2A71D /* Frameworks */ = {
			isa = PBXFrameworksBuildPhase;
			buildActionMask = 2147483647;
			files = (
				6AA63908C2E7F86768F36D15 /* Pods_SnapImagePicker_UI_Tests.framework in Frameworks */,
			);
			runOnlyForDeploymentPostprocessing = 0;
		};
		D88300761D06C72600399612 /* Frameworks */ = {
			isa = PBXFrameworksBuildPhase;
			buildActionMask = 2147483647;
			files = (
				079D1B2BD72EF464AC575D16 /* Pods_Example_Project.framework in Frameworks */,
			);
			runOnlyForDeploymentPostprocessing = 0;
		};
		D89D6FE21D06CC06007DD132 /* Frameworks */ = {
			isa = PBXFrameworksBuildPhase;
			buildActionMask = 2147483647;
			files = (
				DC5E6A232D8A7569CD69D127 /* Pods_SnapImagePicker.framework in Frameworks */,
			);
			runOnlyForDeploymentPostprocessing = 0;
		};
		D89D6FEC1D06CC06007DD132 /* Frameworks */ = {
			isa = PBXFrameworksBuildPhase;
			buildActionMask = 2147483647;
			files = (
				D413D78C77F7D7F16F98B167 /* Pods_SnapImagePicker_Unit_Tests.framework in Frameworks */,
			);
			runOnlyForDeploymentPostprocessing = 0;
		};
/* End PBXFrameworksBuildPhase section */

/* Begin PBXGroup section */
		63E58520DF7F43EF4D32F291 /* Pods */ = {
			isa = PBXGroup;
			children = (
				9445E2E881A2210E6EACFDF4 /* Pods-SnapImagePicker.debug.xcconfig */,
				639F66A051884F3BB8E3488C /* Pods-SnapImagePicker.release.xcconfig */,
				D071DB34BA29D0DE244DB5F3 /* Pods-Example_Project.debug.xcconfig */,
				32DFFEDAC20492EE9F41DFBA /* Pods-Example_Project.release.xcconfig */,
				15AAE255BF6FB84D2C6BB487 /* Pods-SnapImagePicker_Snapshot_Tests.debug.xcconfig */,
				A377C19D94E44FA9B7E1A60D /* Pods-SnapImagePicker_Snapshot_Tests.release.xcconfig */,
				E46A04D19BECC3EDEF73F577 /* Pods-SnapImagePicker_Unit_Tests.debug.xcconfig */,
				D4107D64144A6F2592CFC6AA /* Pods-SnapImagePicker_Unit_Tests.release.xcconfig */,
				9FA6A0DF2EEE1CF43AC91190 /* Pods-SnapImagePicker_UI_Tests.debug.xcconfig */,
				BBA8E0F6EC87708F6B30B36D /* Pods-SnapImagePicker_UI_Tests.release.xcconfig */,
			);
			name = Pods;
			sourceTree = "<group>";
		};
		8ACB490692D00607C8660FA7 /* Frameworks */ = {
			isa = PBXGroup;
			children = (
				D89591E31D5365F100E7B9C0 /* Pods_SnapImagePicker.framework */,
				E127869A7774F2307FDE67AF /* Pods_Example_Project.framework */,
				47C9FCC71EEABB51CCCDB5FD /* Pods_SnapImagePicker.framework */,
				D126DA0F57807701D299D742 /* Pods_SnapImagePicker_Snapshot_Tests.framework */,
				D2ADB2AF460F2DD3AA88CC1D /* Pods_SnapImagePicker_UI_Tests.framework */,
				DF84CAF8E107A5EC8FBD7A20 /* Pods_SnapImagePicker_Unit_Tests.framework */,
			);
			name = Frameworks;
			sourceTree = "<group>";
		};
		D812DDEE1D362C9200F0E488 /* SnapImagePicker_Snapshot_Tests */ = {
			isa = PBXGroup;
			children = (
				D812DDF71D3635B100F0E488 /* Resources */,
				D812DDF11D362C9200F0E488 /* Info.plist */,
			);
			path = SnapImagePicker_Snapshot_Tests;
			sourceTree = "<group>";
		};
		D812DDF71D3635B100F0E488 /* Resources */ = {
			isa = PBXGroup;
			children = (
				D812DDFC1D363DE000F0E488 /* dress.jpg */,
			);
			path = Resources;
			sourceTree = "<group>";
		};
		D82468491D2159C7009DB2A4 /* ImagePicker */ = {
			isa = PBXGroup;
			children = (
				D847B4531D1D539E00D58E2C /* Data */,
				D824684B1D2159D9009DB2A4 /* Entity Gateway */,
				D824684D1D2159F5009DB2A4 /* Interactor */,
				D824684F1D215A0F009DB2A4 /* Presenter */,
				D82468511D215A2C009DB2A4 /* View */,
			);
			path = ImagePicker;
			sourceTree = "<group>";
		};
		D824684A1D2159D0009DB2A4 /* AlbumSelector */ = {
			isa = PBXGroup;
			children = (
				D824684C1D2159E9009DB2A4 /* Entity Gateway */,
				D824684E1D215A06009DB2A4 /* Interactor */,
				D82468501D215A20009DB2A4 /* Presenter */,
				D82468521D215A46009DB2A4 /* View */,
			);
			path = AlbumSelector;
			sourceTree = "<group>";
		};
		D824684B1D2159D9009DB2A4 /* Entity Gateway */ = {
			isa = PBXGroup;
			children = (
				D847B44C1D1D3ABA00D58E2C /* SnapImagePickerEntityGateway.swift */,
				D847B44A1D1D3AA500D58E2C /* SnapImagePickerEntityGatewayProtocol.swift */,
			);
			path = "Entity Gateway";
			sourceTree = "<group>";
		};
		D824684C1D2159E9009DB2A4 /* Entity Gateway */ = {
			isa = PBXGroup;
			children = (
				D847B4501D1D3AF400D58E2C /* AlbumSelectorEntityGateway.swift */,
				D847B44E1D1D3AE100D58E2C /* AlbumSelectorEntityGatewayProtocol.swift */,
			);
			path = "Entity Gateway";
			sourceTree = "<group>";
		};
		D824684D1D2159F5009DB2A4 /* Interactor */ = {
			isa = PBXGroup;
			children = (
				D847B42C1D1D2A6100D58E2C /* SnapImagePickerInteractor.swift */,
				D847B4481D1D3A4B00D58E2C /* SnapImagePickerInteractorProtocol.swift */,
			);
			path = Interactor;
			sourceTree = "<group>";
		};
		D824684E1D215A06009DB2A4 /* Interactor */ = {
			isa = PBXGroup;
			children = (
				D847B4461D1D375500D58E2C /* AlbumSelectorInteractor.swift */,
				D847B4441D1D373800D58E2C /* AlbumSelectorInteractorProtocol.swift */,
			);
			path = Interactor;
			sourceTree = "<group>";
		};
		D824684F1D215A0F009DB2A4 /* Presenter */ = {
			isa = PBXGroup;
			children = (
				D847B4301D1D2B7500D58E2C /* SnapImagePickerEventHandlerProtocol.swift */,
				D847B4281D1D298900D58E2C /* SnapImagePickerPresenter.swift */,
				D847B4261D1D28F000D58E2C /* SnapImagePickerPresenterProtocol.swift */,
			);
			path = Presenter;
			sourceTree = "<group>";
		};
		D82468501D215A20009DB2A4 /* Presenter */ = {
			isa = PBXGroup;
			children = (
				D824685A1D215F0B009DB2A4 /* AlbumSelectorEventHandler.swift */,
				D847B4401D1D36B600D58E2C /* AlbumSelectorPresenter.swift */,
				D847B43E1D1D368400D58E2C /* AlbumSelectorPresenterProtocol.swift */,
			);
			path = Presenter;
			sourceTree = "<group>";
		};
		D82468511D215A2C009DB2A4 /* View */ = {
			isa = PBXGroup;
			children = (
				D893FA7D1D2D545500E71429 /* Display.swift */,
				D893FA791D2D528600E71429 /* DisplayState.swift */,
				D8BF9CAA1D26B3DA00DC1F02 /* DownwardsArrowView.swift */,
				D83B8C291D0EE4D700C6995A /* ImageCell.swift */,
				D847B4181D1D20FC00D58E2C /* ImageGridView.swift */,
				D89D70081D06CFAC007DD132 /* SnapImagePicker.storyboard */,
				D847B43C1D1D35EE00D58E2C /* SnapImagePickerViewController.swift */,
				D847B41E1D1D24A900D58E2C /* SnapImagePickerViewControllerProtocol.swift */,
			);
			path = View;
			sourceTree = "<group>";
		};
		D82468521D215A46009DB2A4 /* View */ = {
			isa = PBXGroup;
			children = (
				D82468531D215A90009DB2A4 /* AlbumCell.swift */,
				D847B4241D1D283600D58E2C /* AlbumSelectorViewController.swift */,
				D847B4221D1D281D00D58E2C /* AlbumSelectorViewControllerProtocol.swift */,
			);
			path = View;
			sourceTree = "<group>";
		};
		D82468551D215B85009DB2A4 /* Data */ = {
			isa = PBXGroup;
			children = (
				D82468561D215B91009DB2A4 /* Album.swift */,
			);
			path = Data;
			sourceTree = "<group>";
		};
		D82962EC1D34D31100AB32B7 /* TestDoubles */ = {
			isa = PBXGroup;
			children = (
				D8BB94921D4F4A2400E0BB4F /* ImagePicker */,
				D8BB94901D4F489000E0BB4F /* PhotoLoaderSpy.swift */,
				D8BB949B1D4F511100E0BB4F /* SnapImagePickerConnectorSpy.swift */,
				D8F4F1B81D4F818000FF9550 /* PhotoLoaderMock.swift */,
				D8A49FAD1D4F86CD00B3D574 /* PHFetchResultMock.swift */,
				D8A49FAF1D4F873400B3D574 /* PHAssetMock.swift */,
			);
			path = TestDoubles;
			sourceTree = "<group>";
		};
		D8359FCD1D2BDFB700C042A2 /* PhotoLoader */ = {
			isa = PBXGroup;
			children = (
				D8359FD11D2BE01300C042A2 /* AlbumLoader.swift */,
				D8359FCE1D2BDFCC00C042A2 /* ImageLoader.swift */,
				D82468581D215D09009DB2A4 /* PhotoLoader.swift */,
			);
			path = PhotoLoader;
			sourceTree = "<group>";
		};
		D84614011D368B5E00B2A71D /* SnapImagePicker_UI_Tests */ = {
			isa = PBXGroup;
			children = (
				D84614041D368B5E00B2A71D /* Info.plist */,
				D877B86A1D4F956800FE9B3B /* SnapImagePickerUITests.swift */,
			);
			path = SnapImagePicker_UI_Tests;
			sourceTree = "<group>";
		};
		D847B4531D1D539E00D58E2C /* Data */ = {
			isa = PBXGroup;
			children = (
				D82825C61D2E72CE00F6A5BD /* SnapImagePickerImage.swift */,
				D847B4541D1D5C9400D58E2C /* SnapImagePickerViewModel.swift */,
			);
			path = Data;
			sourceTree = "<group>";
		};
		D847B4581D1D643300D58E2C /* Categories */ = {
			isa = PBXGroup;
			children = (
				D893FA7F1D2E4CE400E71429 /* CGSize+displayType.swift */,
				D893FA731D2D329600E71429 /* NSLayoutConstraint+changeMultiplier.swift */,
				D88FD29A1D410CA700C7290F /* Range+rangeDifference.swift */,
				D83E55FD1D2BFB9E00338F5D /* UIImage+rotate.swift */,
				D847B4591D1D644000D58E2C /* UIImage+square.swift */,
				D8A479981D3E75C1008FA721 /* UIImageOrientation+next.swift */,
				D8A4799A1D3E76BD008FA721 /* UIImageOrientation+toCGAffineTransformRadians.swift */,
				D893FA751D2D40E000E71429 /* UIScrollView+centerFullImageInImageView.swift */,
				D8BF9CA41D266BA100DC1F02 /* UIScrollView+correction.swift */,
				D87999F51D23CCF400683406 /* UIScrollView+fakeBounce.swift */,
				D824685C1D22A55F009DB2A4 /* UIScrollView+getBounds.swift */,
				D83849331D54A7EB00A70EA8 /* UIImageView+translateCoordinates.swift */,
				D8F4237A1D59C47C00391B81 /* UIImageOrientation+isHorizontal.swift */,
				D8A86A4F1D5C7E0F00CAA47D /* UIImage+setAlpha.swift */,
			);
			path = Categories;
			sourceTree = "<group>";
		};
		D88300701D06C72600399612 = {
			isa = PBXGroup;
			children = (
				D883007B1D06C72600399612 /* Example_Project */,
				8ACB490692D00607C8660FA7 /* Frameworks */,
				63E58520DF7F43EF4D32F291 /* Pods */,
				D883007A1D06C72600399612 /* Products */,
				D89D6FE71D06CC06007DD132 /* SnapImagePicker */,
				D812DDEE1D362C9200F0E488 /* SnapImagePicker_Snapshot_Tests */,
				D84614011D368B5E00B2A71D /* SnapImagePicker_UI_Tests */,
				D89D6FF51D06CC06007DD132 /* SnapImagePicker_Unit_Tests */,
			);
			sourceTree = "<group>";
		};
		D883007A1D06C72600399612 /* Products */ = {
			isa = PBXGroup;
			children = (
				D88300791D06C72600399612 /* Example_Project.app */,
				D89D6FE61D06CC06007DD132 /* SnapImagePicker.framework */,
				D89D6FEF1D06CC06007DD132 /* SnapImagePicker_Unit_Tests.xctest */,
				D812DDED1D362C9200F0E488 /* SnapImagePicker_Snapshot_Tests.xctest */,
				D84614001D368B5E00B2A71D /* SnapImagePicker_UI_Tests.xctest */,
			);
			name = Products;
			sourceTree = "<group>";
		};
		D883007B1D06C72600399612 /* Example_Project */ = {
			isa = PBXGroup;
			children = (
				D883007C1D06C72600399612 /* AppDelegate.swift */,
				D88300831D06C72600399612 /* Assets.xcassets */,
				D88300881D06C72600399612 /* Info.plist */,
				D88300851D06C72600399612 /* LaunchScreen.storyboard */,
				D88300801D06C72600399612 /* Main.storyboard */,
				D883007E1D06C72600399612 /* ViewController.swift */,
			);
			path = Example_Project;
			sourceTree = "<group>";
		};
		D8932B171D5B5A83006776B2 /* Legacy */ = {
			isa = PBXGroup;
			children = (
				D89D6FE81D06CC06007DD132 /* SnapImagePicker.h */,
				D82468471D2158F8009DB2A4 /* SnapImagePickerTransition.swift */,
			);
			name = Legacy;
			sourceTree = "<group>";
		};
		D89D6FE71D06CC06007DD132 /* SnapImagePicker */ = {
			isa = PBXGroup;
			children = (
				D824684A1D2159D0009DB2A4 /* AlbumSelector */,
				D847B4581D1D643300D58E2C /* Categories */,
				D82468551D215B85009DB2A4 /* Data */,
				D8CB05C61D3F6F3700002745 /* Helpers */,
				D82468491D2159C7009DB2A4 /* ImagePicker */,
				D8A4799C1D3E7FEA008FA721 /* Mock */,
				D8359FCD1D2BDFB700C042A2 /* PhotoLoader */,
				D8CB05B51D3F6D0300002745 /* Resources */,
				D855BAD81D456BE900D80237 /* Assets.xcassets */,
				D893FA771D2D446400E71429 /* ImageOptions.swift */,
				D89D6FEA1D06CC06007DD132 /* Info.plist */,
				D8932B171D5B5A83006776B2 /* Legacy */,
				D8932B181D5B5A9C006776B2 /* SnapImagePickerProtocol.swift */,
				D89D70041D06CEF1007DD132 /* SnapImagePickerConnector.swift */,
				D89D70061D06CF2E007DD132 /* SnapImagePickerDelegate.swift */,
				D8932B1A1D5B5AE3006776B2 /* SnapImagePickerTheme.swift */,
			);
			path = SnapImagePicker;
			sourceTree = "<group>";
		};
		D89D6FF51D06CC06007DD132 /* SnapImagePicker_Unit_Tests */ = {
			isa = PBXGroup;
			children = (
				D8BB949D1D4F51F100E0BB4F /* SnapImagePicker */,
				D82962EC1D34D31100AB32B7 /* TestDoubles */,
				D8F4F1B01D4F683700FF9550 /* Assets.xcassets */,
				D89D6FF81D06CC06007DD132 /* Info.plist */,
			);
			path = SnapImagePicker_Unit_Tests;
			sourceTree = "<group>";
		};
		D8A4799C1D3E7FEA008FA721 /* Mock */ = {
			isa = PBXGroup;
			children = (
				D8A4799D1D3E7FF8008FA721 /* ImageLoaderMock.swift */,
				D8A479A01D3E8020008FA721 /* PHFetchResultMock.swift */,
			);
			path = Mock;
			sourceTree = "<group>";
		};
		D8BB94921D4F4A2400E0BB4F /* ImagePicker */ = {
			isa = PBXGroup;
			children = (
				D8BB94931D4F4A3D00E0BB4F /* SnapImagePickerEntityGatewaySpy.swift */,
				D8BB94951D4F4BB800E0BB4F /* SnapImagePickerInteractorSpy.swift */,
				D8BB94971D4F4D6E00E0BB4F /* SnapImagePickerPresenterSpy.swift */,
				D8BB94991D4F501E00E0BB4F /* SnapImagePickerViewControllerSpy.swift */,
			);
			path = ImagePicker;
			sourceTree = "<group>";
		};
		D8BB949D1D4F51F100E0BB4F /* SnapImagePicker */ = {
			isa = PBXGroup;
			children = (
				D8F4F1B41D4F79EC00FF9550 /* SnapImagePickerEntityGatewayTests.swift */,
				D8F4F1AE1D4F636100FF9550 /* SnapImagePickerEventHandlerTests.swift */,
				D8F4F1B21D4F6EBF00FF9550 /* SnapImagePickerInteractorTests.swift */,
				D8BB94A21D4F526600E0BB4F /* SnapImagePickerPresenterTests.swift */,
			);
			path = SnapImagePicker;
			sourceTree = "<group>";
		};
		D8CB05B51D3F6D0300002745 /* Resources */ = {
			isa = PBXGroup;
			children = (
				D8CB05C01D3F6E5900002745 /* Localizable.strings */,
			);
			path = Resources;
			sourceTree = "<group>";
		};
		D8CB05C61D3F6F3700002745 /* Helpers */ = {
			isa = PBXGroup;
			children = (
				D8CB05C71D3F6F4300002745 /* Strings.swift */,
			);
			path = Helpers;
			sourceTree = "<group>";
		};
/* End PBXGroup section */

/* Begin PBXHeadersBuildPhase section */
		D89D6FE31D06CC06007DD132 /* Headers */ = {
			isa = PBXHeadersBuildPhase;
			buildActionMask = 2147483647;
			files = (
				D89D6FE91D06CC06007DD132 /* SnapImagePicker.h in Headers */,
			);
			runOnlyForDeploymentPostprocessing = 0;
		};
/* End PBXHeadersBuildPhase section */

/* Begin PBXNativeTarget section */
		D812DDEC1D362C9200F0E488 /* SnapImagePicker_Snapshot_Tests */ = {
			isa = PBXNativeTarget;
			buildConfigurationList = D812DDF41D362C9200F0E488 /* Build configuration list for PBXNativeTarget "SnapImagePicker_Snapshot_Tests" */;
			buildPhases = (
				41FAE7F4C4CDEA72F4E359CB /* [CP] Check Pods Manifest.lock */,
				D812DDE91D362C9200F0E488 /* Sources */,
				D812DDEA1D362C9200F0E488 /* Frameworks */,
				D812DDEB1D362C9200F0E488 /* Resources */,
				39459A979695DAD76D72034E /* [CP] Embed Pods Frameworks */,
				CC761975A3C9DF14093B2507 /* [CP] Copy Pods Resources */,
			);
			buildRules = (
			);
			dependencies = (
				D812DDF31D362C9200F0E488 /* PBXTargetDependency */,
			);
			name = SnapImagePicker_Snapshot_Tests;
			productName = SnapImagePicker_Snapshot_Tests;
			productReference = D812DDED1D362C9200F0E488 /* SnapImagePicker_Snapshot_Tests.xctest */;
			productType = "com.apple.product-type.bundle.unit-test";
		};
		D84613FF1D368B5E00B2A71D /* SnapImagePicker_UI_Tests */ = {
			isa = PBXNativeTarget;
			buildConfigurationList = D84614071D368B5E00B2A71D /* Build configuration list for PBXNativeTarget "SnapImagePicker_UI_Tests" */;
			buildPhases = (
				A5C892254292AD13A095884A /* [CP] Check Pods Manifest.lock */,
				D84613FC1D368B5E00B2A71D /* Sources */,
				D84613FD1D368B5E00B2A71D /* Frameworks */,
				D84613FE1D368B5E00B2A71D /* Resources */,
				39A52CBD0113FAEAEA2D0269 /* [CP] Embed Pods Frameworks */,
				CB5F494C49CA06400F17C927 /* [CP] Copy Pods Resources */,
			);
			buildRules = (
			);
			dependencies = (
				D84614061D368B5E00B2A71D /* PBXTargetDependency */,
			);
			name = SnapImagePicker_UI_Tests;
			productName = SnapImagePicker_UI_Tests;
			productReference = D84614001D368B5E00B2A71D /* SnapImagePicker_UI_Tests.xctest */;
			productType = "com.apple.product-type.bundle.ui-testing";
		};
		D88300781D06C72600399612 /* Example_Project */ = {
			isa = PBXNativeTarget;
			buildConfigurationList = D88300A11D06C72600399612 /* Build configuration list for PBXNativeTarget "Example_Project" */;
			buildPhases = (
				68FA75DB379DDE0ED3652014 /* [CP] Check Pods Manifest.lock */,
				D88300751D06C72600399612 /* Sources */,
				D88300761D06C72600399612 /* Frameworks */,
				D88300771D06C72600399612 /* Resources */,
				D89D70001D06CC06007DD132 /* Embed Frameworks */,
				60DAA7DC74AFCD36DD474796 /* [CP] Embed Pods Frameworks */,
				701724DAC3115E81C12AFE7E /* [CP] Copy Pods Resources */,
			);
			buildRules = (
			);
			dependencies = (
				D89D6FFA1D06CC06007DD132 /* PBXTargetDependency */,
			);
			name = Example_Project;
			productName = SnapImagePicker;
			productReference = D88300791D06C72600399612 /* Example_Project.app */;
			productType = "com.apple.product-type.application";
		};
		D89D6FE51D06CC06007DD132 /* SnapImagePicker */ = {
			isa = PBXNativeTarget;
			buildConfigurationList = D89D6FFD1D06CC06007DD132 /* Build configuration list for PBXNativeTarget "SnapImagePicker" */;
			buildPhases = (
				A25DFDFD683FEBBD348C8724 /* [CP] Check Pods Manifest.lock */,
				D89887E41D377D44005066FC /* Warnings */,
				D89D6FE11D06CC06007DD132 /* Sources */,
				D89D6FE21D06CC06007DD132 /* Frameworks */,
				D89D6FE31D06CC06007DD132 /* Headers */,
				D89D6FE41D06CC06007DD132 /* Resources */,
				1860C7A9D073B7318CFEAD41 /* [CP] Copy Pods Resources */,
			);
			buildRules = (
			);
			dependencies = (
			);
			name = SnapImagePicker;
			productName = SnapImagePicker;
			productReference = D89D6FE61D06CC06007DD132 /* SnapImagePicker.framework */;
			productType = "com.apple.product-type.framework";
		};
		D89D6FEE1D06CC06007DD132 /* SnapImagePicker_Unit_Tests */ = {
			isa = PBXNativeTarget;
			buildConfigurationList = D89D70011D06CC06007DD132 /* Build configuration list for PBXNativeTarget "SnapImagePicker_Unit_Tests" */;
			buildPhases = (
				2736AE1F235009BF1153348E /* [CP] Check Pods Manifest.lock */,
				D89D6FEB1D06CC06007DD132 /* Sources */,
				D89D6FEC1D06CC06007DD132 /* Frameworks */,
				D89D6FED1D06CC06007DD132 /* Resources */,
				F17C8995973DC82171E28CDD /* [CP] Embed Pods Frameworks */,
				31CD64DE79D39AE845772E7F /* [CP] Copy Pods Resources */,
			);
			buildRules = (
			);
			dependencies = (
				D8240C511D5B685C00B52BFD /* PBXTargetDependency */,
			);
			name = SnapImagePicker_Unit_Tests;
			productName = SnapImagePickerTests;
			productReference = D89D6FEF1D06CC06007DD132 /* SnapImagePicker_Unit_Tests.xctest */;
			productType = "com.apple.product-type.bundle.unit-test";
		};
/* End PBXNativeTarget section */

/* Begin PBXProject section */
		D88300711D06C72600399612 /* Project object */ = {
			isa = PBXProject;
			attributes = {
				LastSwiftUpdateCheck = 0730;
				LastUpgradeCheck = 0730;
				ORGANIZATIONNAME = "Snapsale AS";
				TargetAttributes = {
					D812DDEC1D362C9200F0E488 = {
						CreatedOnToolsVersion = 7.3.1;
						TestTargetID = D88300781D06C72600399612;
					};
					D84613FF1D368B5E00B2A71D = {
						CreatedOnToolsVersion = 7.3.1;
						TestTargetID = D88300781D06C72600399612;
					};
					D88300781D06C72600399612 = {
						CreatedOnToolsVersion = 7.3.1;
						DevelopmentTeam = 8PNE4S25Z7;
					};
					D89D6FE51D06CC06007DD132 = {
						CreatedOnToolsVersion = 7.3.1;
					};
					D89D6FEE1D06CC06007DD132 = {
						CreatedOnToolsVersion = 7.3.1;
						TestTargetID = D88300781D06C72600399612;
					};
				};
			};
			buildConfigurationList = D88300741D06C72600399612 /* Build configuration list for PBXProject "SnapImagePicker" */;
			compatibilityVersion = "Xcode 3.2";
			developmentRegion = English;
			hasScannedForEncodings = 0;
			knownRegions = (
				en,
				Base,
				nb,
				sv,
				nl,
			);
			mainGroup = D88300701D06C72600399612;
			productRefGroup = D883007A1D06C72600399612 /* Products */;
			projectDirPath = "";
			projectRoot = "";
			targets = (
				D88300781D06C72600399612 /* Example_Project */,
				D89D6FE51D06CC06007DD132 /* SnapImagePicker */,
				D89D6FEE1D06CC06007DD132 /* SnapImagePicker_Unit_Tests */,
				D812DDEC1D362C9200F0E488 /* SnapImagePicker_Snapshot_Tests */,
				D84613FF1D368B5E00B2A71D /* SnapImagePicker_UI_Tests */,
			);
		};
/* End PBXProject section */

/* Begin PBXResourcesBuildPhase section */
		D812DDEB1D362C9200F0E488 /* Resources */ = {
			isa = PBXResourcesBuildPhase;
			buildActionMask = 2147483647;
			files = (
				D812DDFD1D363DE000F0E488 /* dress.jpg in Resources */,
			);
			runOnlyForDeploymentPostprocessing = 0;
		};
		D84613FE1D368B5E00B2A71D /* Resources */ = {
			isa = PBXResourcesBuildPhase;
			buildActionMask = 2147483647;
			files = (
			);
			runOnlyForDeploymentPostprocessing = 0;
		};
		D88300771D06C72600399612 /* Resources */ = {
			isa = PBXResourcesBuildPhase;
			buildActionMask = 2147483647;
			files = (
				D88300871D06C72600399612 /* LaunchScreen.storyboard in Resources */,
				D88300841D06C72600399612 /* Assets.xcassets in Resources */,
				D88300821D06C72600399612 /* Main.storyboard in Resources */,
			);
			runOnlyForDeploymentPostprocessing = 0;
		};
		D89D6FE41D06CC06007DD132 /* Resources */ = {
			isa = PBXResourcesBuildPhase;
			buildActionMask = 2147483647;
			files = (
				D8CB05BE1D3F6E5900002745 /* Localizable.strings in Resources */,
				D855BAD91D456BE900D80237 /* Assets.xcassets in Resources */,
				D89D70091D06CFAC007DD132 /* SnapImagePicker.storyboard in Resources */,
			);
			runOnlyForDeploymentPostprocessing = 0;
		};
		D89D6FED1D06CC06007DD132 /* Resources */ = {
			isa = PBXResourcesBuildPhase;
			buildActionMask = 2147483647;
			files = (
				D8F4F1B11D4F683700FF9550 /* Assets.xcassets in Resources */,
			);
			runOnlyForDeploymentPostprocessing = 0;
		};
/* End PBXResourcesBuildPhase section */

/* Begin PBXShellScriptBuildPhase section */
		1860C7A9D073B7318CFEAD41 /* [CP] Copy Pods Resources */ = {
			isa = PBXShellScriptBuildPhase;
			buildActionMask = 2147483647;
			files = (
			);
			inputPaths = (
			);
			name = "[CP] Copy Pods Resources";
			outputPaths = (
			);
			runOnlyForDeploymentPostprocessing = 0;
			shellPath = /bin/sh;
			shellScript = "\"${SRCROOT}/Pods/Target Support Files/Pods-SnapImagePicker/Pods-SnapImagePicker-resources.sh\"\n";
			showEnvVarsInLog = 0;
		};
		2736AE1F235009BF1153348E /* [CP] Check Pods Manifest.lock */ = {
			isa = PBXShellScriptBuildPhase;
			buildActionMask = 2147483647;
			files = (
			);
			inputPaths = (
			);
			name = "[CP] Check Pods Manifest.lock";
			outputPaths = (
			);
			runOnlyForDeploymentPostprocessing = 0;
			shellPath = /bin/sh;
			shellScript = "diff \"${PODS_ROOT}/../Podfile.lock\" \"${PODS_ROOT}/Manifest.lock\" > /dev/null\nif [[ $? != 0 ]] ; then\n    cat << EOM\nerror: The sandbox is not in sync with the Podfile.lock. Run 'pod install' or update your CocoaPods installation.\nEOM\n    exit 1\nfi\n";
			showEnvVarsInLog = 0;
		};
		31CD64DE79D39AE845772E7F /* [CP] Copy Pods Resources */ = {
			isa = PBXShellScriptBuildPhase;
			buildActionMask = 2147483647;
			files = (
			);
			inputPaths = (
			);
			name = "[CP] Copy Pods Resources";
			outputPaths = (
			);
			runOnlyForDeploymentPostprocessing = 0;
			shellPath = /bin/sh;
			shellScript = "\"${SRCROOT}/Pods/Target Support Files/Pods-SnapImagePicker_Unit_Tests/Pods-SnapImagePicker_Unit_Tests-resources.sh\"\n";
			showEnvVarsInLog = 0;
		};
		39459A979695DAD76D72034E /* [CP] Embed Pods Frameworks */ = {
			isa = PBXShellScriptBuildPhase;
			buildActionMask = 2147483647;
			files = (
			);
			inputPaths = (
			);
			name = "[CP] Embed Pods Frameworks";
			outputPaths = (
			);
			runOnlyForDeploymentPostprocessing = 0;
			shellPath = /bin/sh;
			shellScript = "\"${SRCROOT}/Pods/Target Support Files/Pods-SnapImagePicker_Snapshot_Tests/Pods-SnapImagePicker_Snapshot_Tests-frameworks.sh\"\n";
			showEnvVarsInLog = 0;
		};
		39A52CBD0113FAEAEA2D0269 /* [CP] Embed Pods Frameworks */ = {
			isa = PBXShellScriptBuildPhase;
			buildActionMask = 2147483647;
			files = (
			);
			inputPaths = (
			);
			name = "[CP] Embed Pods Frameworks";
			outputPaths = (
			);
			runOnlyForDeploymentPostprocessing = 0;
			shellPath = /bin/sh;
			shellScript = "\"${SRCROOT}/Pods/Target Support Files/Pods-SnapImagePicker_UI_Tests/Pods-SnapImagePicker_UI_Tests-frameworks.sh\"\n";
			showEnvVarsInLog = 0;
		};
		41FAE7F4C4CDEA72F4E359CB /* [CP] Check Pods Manifest.lock */ = {
			isa = PBXShellScriptBuildPhase;
			buildActionMask = 2147483647;
			files = (
			);
			inputPaths = (
			);
			name = "[CP] Check Pods Manifest.lock";
			outputPaths = (
			);
			runOnlyForDeploymentPostprocessing = 0;
			shellPath = /bin/sh;
			shellScript = "diff \"${PODS_ROOT}/../Podfile.lock\" \"${PODS_ROOT}/Manifest.lock\" > /dev/null\nif [[ $? != 0 ]] ; then\n    cat << EOM\nerror: The sandbox is not in sync with the Podfile.lock. Run 'pod install' or update your CocoaPods installation.\nEOM\n    exit 1\nfi\n";
			showEnvVarsInLog = 0;
		};
		60DAA7DC74AFCD36DD474796 /* [CP] Embed Pods Frameworks */ = {
			isa = PBXShellScriptBuildPhase;
			buildActionMask = 2147483647;
			files = (
			);
			inputPaths = (
			);
			name = "[CP] Embed Pods Frameworks";
			outputPaths = (
			);
			runOnlyForDeploymentPostprocessing = 0;
			shellPath = /bin/sh;
			shellScript = "\"${SRCROOT}/Pods/Target Support Files/Pods-Example_Project/Pods-Example_Project-frameworks.sh\"\n";
			showEnvVarsInLog = 0;
		};
		68FA75DB379DDE0ED3652014 /* [CP] Check Pods Manifest.lock */ = {
			isa = PBXShellScriptBuildPhase;
			buildActionMask = 2147483647;
			files = (
			);
			inputPaths = (
			);
			name = "[CP] Check Pods Manifest.lock";
			outputPaths = (
			);
			runOnlyForDeploymentPostprocessing = 0;
			shellPath = /bin/sh;
			shellScript = "diff \"${PODS_ROOT}/../Podfile.lock\" \"${PODS_ROOT}/Manifest.lock\" > /dev/null\nif [[ $? != 0 ]] ; then\n    cat << EOM\nerror: The sandbox is not in sync with the Podfile.lock. Run 'pod install' or update your CocoaPods installation.\nEOM\n    exit 1\nfi\n";
			showEnvVarsInLog = 0;
		};
		701724DAC3115E81C12AFE7E /* [CP] Copy Pods Resources */ = {
			isa = PBXShellScriptBuildPhase;
			buildActionMask = 2147483647;
			files = (
			);
			inputPaths = (
			);
			name = "[CP] Copy Pods Resources";
			outputPaths = (
			);
			runOnlyForDeploymentPostprocessing = 0;
			shellPath = /bin/sh;
			shellScript = "\"${SRCROOT}/Pods/Target Support Files/Pods-Example_Project/Pods-Example_Project-resources.sh\"\n";
			showEnvVarsInLog = 0;
		};
		A25DFDFD683FEBBD348C8724 /* [CP] Check Pods Manifest.lock */ = {
			isa = PBXShellScriptBuildPhase;
			buildActionMask = 2147483647;
			files = (
			);
			inputPaths = (
			);
			name = "[CP] Check Pods Manifest.lock";
			outputPaths = (
			);
			runOnlyForDeploymentPostprocessing = 0;
			shellPath = /bin/sh;
			shellScript = "diff \"${PODS_ROOT}/../Podfile.lock\" \"${PODS_ROOT}/Manifest.lock\" > /dev/null\nif [[ $? != 0 ]] ; then\n    cat << EOM\nerror: The sandbox is not in sync with the Podfile.lock. Run 'pod install' or update your CocoaPods installation.\nEOM\n    exit 1\nfi\n";
			showEnvVarsInLog = 0;
		};
		A5C892254292AD13A095884A /* [CP] Check Pods Manifest.lock */ = {
			isa = PBXShellScriptBuildPhase;
			buildActionMask = 2147483647;
			files = (
			);
			inputPaths = (
			);
			name = "[CP] Check Pods Manifest.lock";
			outputPaths = (
			);
			runOnlyForDeploymentPostprocessing = 0;
			shellPath = /bin/sh;
			shellScript = "diff \"${PODS_ROOT}/../Podfile.lock\" \"${PODS_ROOT}/Manifest.lock\" > /dev/null\nif [[ $? != 0 ]] ; then\n    cat << EOM\nerror: The sandbox is not in sync with the Podfile.lock. Run 'pod install' or update your CocoaPods installation.\nEOM\n    exit 1\nfi\n";
			showEnvVarsInLog = 0;
		};
		CB5F494C49CA06400F17C927 /* [CP] Copy Pods Resources */ = {
			isa = PBXShellScriptBuildPhase;
			buildActionMask = 2147483647;
			files = (
			);
			inputPaths = (
			);
			name = "[CP] Copy Pods Resources";
			outputPaths = (
			);
			runOnlyForDeploymentPostprocessing = 0;
			shellPath = /bin/sh;
			shellScript = "\"${SRCROOT}/Pods/Target Support Files/Pods-SnapImagePicker_UI_Tests/Pods-SnapImagePicker_UI_Tests-resources.sh\"\n";
			showEnvVarsInLog = 0;
		};
		CC761975A3C9DF14093B2507 /* [CP] Copy Pods Resources */ = {
			isa = PBXShellScriptBuildPhase;
			buildActionMask = 2147483647;
			files = (
			);
			inputPaths = (
			);
			name = "[CP] Copy Pods Resources";
			outputPaths = (
			);
			runOnlyForDeploymentPostprocessing = 0;
			shellPath = /bin/sh;
			shellScript = "\"${SRCROOT}/Pods/Target Support Files/Pods-SnapImagePicker_Snapshot_Tests/Pods-SnapImagePicker_Snapshot_Tests-resources.sh\"\n";
			showEnvVarsInLog = 0;
		};
		D89887E41D377D44005066FC /* Warnings */ = {
			isa = PBXShellScriptBuildPhase;
			buildActionMask = 2147483647;
			files = (
			);
			inputPaths = (
			);
			name = Warnings;
			outputPaths = (
			);
			runOnlyForDeploymentPostprocessing = 0;
			shellPath = /bin/sh;
			shellScript = "TAGS=\"TODO:|FIXME:\"\nfind \"${SRCROOT}\" -path \"${SRCROOT}/Pods\" -prune -o \\( -name \"*.h\" -or -name \"*.m\" -or -name \"*.swift\" \\) -print0 | xargs -0 egrep --with-filename --line-number --only-matching \"($TAGS).*\\$\" | perl -p -e \"s/($TAGS)/ warning: \\$1/\"";
		};
		F17C8995973DC82171E28CDD /* [CP] Embed Pods Frameworks */ = {
			isa = PBXShellScriptBuildPhase;
			buildActionMask = 2147483647;
			files = (
			);
			inputPaths = (
			);
			name = "[CP] Embed Pods Frameworks";
			outputPaths = (
			);
			runOnlyForDeploymentPostprocessing = 0;
			shellPath = /bin/sh;
			shellScript = "\"${SRCROOT}/Pods/Target Support Files/Pods-SnapImagePicker_Unit_Tests/Pods-SnapImagePicker_Unit_Tests-frameworks.sh\"\n";
			showEnvVarsInLog = 0;
		};
/* End PBXShellScriptBuildPhase section */

/* Begin PBXSourcesBuildPhase section */
		D812DDE91D362C9200F0E488 /* Sources */ = {
			isa = PBXSourcesBuildPhase;
			buildActionMask = 2147483647;
			files = (
			);
			runOnlyForDeploymentPostprocessing = 0;
		};
		D84613FC1D368B5E00B2A71D /* Sources */ = {
			isa = PBXSourcesBuildPhase;
			buildActionMask = 2147483647;
			files = (
				D877B86B1D4F956800FE9B3B /* SnapImagePickerUITests.swift in Sources */,
			);
			runOnlyForDeploymentPostprocessing = 0;
		};
		D88300751D06C72600399612 /* Sources */ = {
			isa = PBXSourcesBuildPhase;
			buildActionMask = 2147483647;
			files = (
				D883007F1D06C72600399612 /* ViewController.swift in Sources */,
				D883007D1D06C72600399612 /* AppDelegate.swift in Sources */,
			);
			runOnlyForDeploymentPostprocessing = 0;
		};
		D89D6FE11D06CC06007DD132 /* Sources */ = {
			isa = PBXSourcesBuildPhase;
			buildActionMask = 2147483647;
			files = (
				D847B4191D1D20FC00D58E2C /* ImageGridView.swift in Sources */,
				D89D70071D06CF2E007DD132 /* SnapImagePickerDelegate.swift in Sources */,
				D82468481D2158F8009DB2A4 /* SnapImagePickerTransition.swift in Sources */,
				D847B4471D1D375500D58E2C /* AlbumSelectorInteractor.swift in Sources */,
				D87999F61D23CCF400683406 /* UIScrollView+fakeBounce.swift in Sources */,
				D8A4799E1D3E7FF8008FA721 /* ImageLoaderMock.swift in Sources */,
				D847B4231D1D281D00D58E2C /* AlbumSelectorViewControllerProtocol.swift in Sources */,
				D8359FCF1D2BDFCC00C042A2 /* ImageLoader.swift in Sources */,
				D847B4311D1D2B7500D58E2C /* SnapImagePickerEventHandlerProtocol.swift in Sources */,
				D824685B1D215F0B009DB2A4 /* AlbumSelectorEventHandler.swift in Sources */,
				D847B4491D1D3A4B00D58E2C /* SnapImagePickerInteractorProtocol.swift in Sources */,
				D847B4551D1D5C9400D58E2C /* SnapImagePickerViewModel.swift in Sources */,
				D82825C71D2E72CE00F6A5BD /* SnapImagePickerImage.swift in Sources */,
				D893FA7E1D2D545500E71429 /* Display.swift in Sources */,
				D893FA781D2D446400E71429 /* ImageOptions.swift in Sources */,
				D8BF9CA51D266BA100DC1F02 /* UIScrollView+correction.swift in Sources */,
				D89D70051D06CEF1007DD132 /* SnapImagePickerConnector.swift in Sources */,
				D847B4511D1D3AF400D58E2C /* AlbumSelectorEntityGateway.swift in Sources */,
				D82468591D215D09009DB2A4 /* PhotoLoader.swift in Sources */,
				D8CB05C81D3F6F4300002745 /* Strings.swift in Sources */,
				D847B4451D1D373800D58E2C /* AlbumSelectorInteractorProtocol.swift in Sources */,
				D83849341D54A7EB00A70EA8 /* UIImageView+translateCoordinates.swift in Sources */,
				D847B44F1D1D3AE100D58E2C /* AlbumSelectorEntityGatewayProtocol.swift in Sources */,
				D88FD29B1D410CA700C7290F /* Range+rangeDifference.swift in Sources */,
				D8BF9CAB1D26B3DA00DC1F02 /* DownwardsArrowView.swift in Sources */,
				D893FA7A1D2D528600E71429 /* DisplayState.swift in Sources */,
				D824685D1D22A55F009DB2A4 /* UIScrollView+getBounds.swift in Sources */,
				D8932B1B1D5B5AE3006776B2 /* SnapImagePickerTheme.swift in Sources */,
				D83E55FE1D2BFB9E00338F5D /* UIImage+rotate.swift in Sources */,
				D893FA741D2D329600E71429 /* NSLayoutConstraint+changeMultiplier.swift in Sources */,
				D847B41F1D1D24A900D58E2C /* SnapImagePickerViewControllerProtocol.swift in Sources */,
				D847B4271D1D28F000D58E2C /* SnapImagePickerPresenterProtocol.swift in Sources */,
				D893FA801D2E4CE400E71429 /* CGSize+displayType.swift in Sources */,
				D847B42D1D1D2A6100D58E2C /* SnapImagePickerInteractor.swift in Sources */,
				D8359FD21D2BE01300C042A2 /* AlbumLoader.swift in Sources */,
				D847B44B1D1D3AA500D58E2C /* SnapImagePickerEntityGatewayProtocol.swift in Sources */,
				D82468571D215B91009DB2A4 /* Album.swift in Sources */,
				D847B4411D1D36B600D58E2C /* AlbumSelectorPresenter.swift in Sources */,
				D847B4251D1D283600D58E2C /* AlbumSelectorViewController.swift in Sources */,
				D893FA761D2D40E000E71429 /* UIScrollView+centerFullImageInImageView.swift in Sources */,
				D847B44D1D1D3ABA00D58E2C /* SnapImagePickerEntityGateway.swift in Sources */,
				D8A479991D3E75C1008FA721 /* UIImageOrientation+next.swift in Sources */,
				D847B4291D1D298900D58E2C /* SnapImagePickerPresenter.swift in Sources */,
				D847B45A1D1D644000D58E2C /* UIImage+square.swift in Sources */,
				D847B43D1D1D35EE00D58E2C /* SnapImagePickerViewController.swift in Sources */,
				D8932B191D5B5A9C006776B2 /* SnapImagePickerProtocol.swift in Sources */,
				D83B8C2A1D0EE4D700C6995A /* ImageCell.swift in Sources */,
				D847B43F1D1D368400D58E2C /* AlbumSelectorPresenterProtocol.swift in Sources */,
				D8A4799B1D3E76BD008FA721 /* UIImageOrientation+toCGAffineTransformRadians.swift in Sources */,
				D8A86A501D5C7E0F00CAA47D /* UIImage+setAlpha.swift in Sources */,
				D82468541D215A90009DB2A4 /* AlbumCell.swift in Sources */,
				D8F4237B1D59C47C00391B81 /* UIImageOrientation+isHorizontal.swift in Sources */,
				D8A479A11D3E8020008FA721 /* PHFetchResultMock.swift in Sources */,
			);
			runOnlyForDeploymentPostprocessing = 0;
		};
		D89D6FEB1D06CC06007DD132 /* Sources */ = {
			isa = PBXSourcesBuildPhase;
			buildActionMask = 2147483647;
			files = (
				D8BB94941D4F4A3D00E0BB4F /* SnapImagePickerEntityGatewaySpy.swift in Sources */,
				D8A49FAE1D4F86CD00B3D574 /* PHFetchResultMock.swift in Sources */,
				D8BB94A31D4F526600E0BB4F /* SnapImagePickerPresenterTests.swift in Sources */,
				D8BB94981D4F4D6E00E0BB4F /* SnapImagePickerPresenterSpy.swift in Sources */,
				D8BB94911D4F489000E0BB4F /* PhotoLoaderSpy.swift in Sources */,
				D8BB94961D4F4BB800E0BB4F /* SnapImagePickerInteractorSpy.swift in Sources */,
				D8F4F1B51D4F79EC00FF9550 /* SnapImagePickerEntityGatewayTests.swift in Sources */,
				D8F4F1B31D4F6EBF00FF9550 /* SnapImagePickerInteractorTests.swift in Sources */,
				D8A49FB01D4F873400B3D574 /* PHAssetMock.swift in Sources */,
				D8F4F1B91D4F818000FF9550 /* PhotoLoaderMock.swift in Sources */,
				D8BB949C1D4F511100E0BB4F /* SnapImagePickerConnectorSpy.swift in Sources */,
				D8BB949A1D4F501E00E0BB4F /* SnapImagePickerViewControllerSpy.swift in Sources */,
				D8F4F1AF1D4F636100FF9550 /* SnapImagePickerEventHandlerTests.swift in Sources */,
			);
			runOnlyForDeploymentPostprocessing = 0;
		};
/* End PBXSourcesBuildPhase section */

/* Begin PBXTargetDependency section */
		D812DDF31D362C9200F0E488 /* PBXTargetDependency */ = {
			isa = PBXTargetDependency;
			target = D88300781D06C72600399612 /* Example_Project */;
			targetProxy = D812DDF21D362C9200F0E488 /* PBXContainerItemProxy */;
		};
		D8240C511D5B685C00B52BFD /* PBXTargetDependency */ = {
			isa = PBXTargetDependency;
			target = D88300781D06C72600399612 /* Example_Project */;
			targetProxy = D8240C501D5B685C00B52BFD /* PBXContainerItemProxy */;
		};
		D84614061D368B5E00B2A71D /* PBXTargetDependency */ = {
			isa = PBXTargetDependency;
			target = D88300781D06C72600399612 /* Example_Project */;
			targetProxy = D84614051D368B5E00B2A71D /* PBXContainerItemProxy */;
		};
		D89D6FFA1D06CC06007DD132 /* PBXTargetDependency */ = {
			isa = PBXTargetDependency;
			target = D89D6FE51D06CC06007DD132 /* SnapImagePicker */;
			targetProxy = D89D6FF91D06CC06007DD132 /* PBXContainerItemProxy */;
		};
/* End PBXTargetDependency section */

/* Begin PBXVariantGroup section */
		D88300801D06C72600399612 /* Main.storyboard */ = {
			isa = PBXVariantGroup;
			children = (
				D88300811D06C72600399612 /* Base */,
				D8CB05B91D3F6D2200002745 /* nb */,
				D8CB05BD1D3F6D2F00002745 /* nl */,
				D8CB05BB1D3F6D2A00002745 /* sv */,
			);
			name = Main.storyboard;
			path = .;
			sourceTree = "<group>";
		};
		D88300851D06C72600399612 /* LaunchScreen.storyboard */ = {
			isa = PBXVariantGroup;
			children = (
				D88300861D06C72600399612 /* Base */,
				D8CB05B81D3F6D2200002745 /* nb */,
				D8CB05BC1D3F6D2F00002745 /* nl */,
				D8CB05BA1D3F6D2A00002745 /* sv */,
			);
			name = LaunchScreen.storyboard;
			path = .;
			sourceTree = "<group>";
		};
		D8CB05C01D3F6E5900002745 /* Localizable.strings */ = {
			isa = PBXVariantGroup;
			children = (
				D8CB05BF1D3F6E5900002745 /* Base */,
				D8CB05C11D3F6E5E00002745 /* en */,
				D8CB05C21D3F6E6000002745 /* nb */,
				D8CB05C41D3F6E6100002745 /* nl */,
				D8CB05C31D3F6E6000002745 /* sv */,
			);
			name = Localizable.strings;
			path = .;
			sourceTree = "<group>";
		};
/* End PBXVariantGroup section */

/* Begin XCBuildConfiguration section */
		D812DDF51D362C9200F0E488 /* Debug */ = {
			isa = XCBuildConfiguration;
			baseConfigurationReference = 15AAE255BF6FB84D2C6BB487 /* Pods-SnapImagePicker_Snapshot_Tests.debug.xcconfig */;
			buildSettings = {
				BUNDLE_LOADER = "$(TEST_HOST)";
				ENABLE_BITCODE = NO;
				INFOPLIST_FILE = SnapImagePicker_Snapshot_Tests/Info.plist;
				IPHONEOS_DEPLOYMENT_TARGET = 9.3;
				LD_RUNPATH_SEARCH_PATHS = "$(inherited) @executable_path/Frameworks @loader_path/Frameworks";
				PRODUCT_BUNDLE_IDENTIFIER = "com.snapsale.SnapImagePicker-Snapshot-Tests";
				PRODUCT_NAME = "$(TARGET_NAME)";
				TEST_HOST = "$(BUILT_PRODUCTS_DIR)/Example_Project.app/Example_Project";
			};
			name = Debug;
		};
		D812DDF61D362C9200F0E488 /* Release */ = {
			isa = XCBuildConfiguration;
			baseConfigurationReference = A377C19D94E44FA9B7E1A60D /* Pods-SnapImagePicker_Snapshot_Tests.release.xcconfig */;
			buildSettings = {
				BUNDLE_LOADER = "$(TEST_HOST)";
				ENABLE_BITCODE = NO;
				INFOPLIST_FILE = SnapImagePicker_Snapshot_Tests/Info.plist;
				IPHONEOS_DEPLOYMENT_TARGET = 9.3;
				LD_RUNPATH_SEARCH_PATHS = "$(inherited) @executable_path/Frameworks @loader_path/Frameworks";
				PRODUCT_BUNDLE_IDENTIFIER = "com.snapsale.SnapImagePicker-Snapshot-Tests";
				PRODUCT_NAME = "$(TARGET_NAME)";
				TEST_HOST = "$(BUILT_PRODUCTS_DIR)/Example_Project.app/Example_Project";
			};
			name = Release;
		};
		D84614081D368B5E00B2A71D /* Debug */ = {
			isa = XCBuildConfiguration;
			baseConfigurationReference = 9FA6A0DF2EEE1CF43AC91190 /* Pods-SnapImagePicker_UI_Tests.debug.xcconfig */;
			buildSettings = {
				CLANG_ENABLE_MODULES = YES;
				INFOPLIST_FILE = SnapImagePicker_UI_Tests/Info.plist;
				IPHONEOS_DEPLOYMENT_TARGET = 9.3;
				LD_RUNPATH_SEARCH_PATHS = "$(inherited) @executable_path/Frameworks @loader_path/Frameworks";
				PRODUCT_BUNDLE_IDENTIFIER = "com.snapsale.SnapImagePicker-UI-Tests";
				PRODUCT_NAME = "$(TARGET_NAME)";
				SWIFT_OPTIMIZATION_LEVEL = "-Onone";
				TEST_TARGET_NAME = Example_Project;
			};
			name = Debug;
		};
		D84614091D368B5E00B2A71D /* Release */ = {
			isa = XCBuildConfiguration;
			baseConfigurationReference = BBA8E0F6EC87708F6B30B36D /* Pods-SnapImagePicker_UI_Tests.release.xcconfig */;
			buildSettings = {
				CLANG_ENABLE_MODULES = YES;
				INFOPLIST_FILE = SnapImagePicker_UI_Tests/Info.plist;
				IPHONEOS_DEPLOYMENT_TARGET = 9.3;
				LD_RUNPATH_SEARCH_PATHS = "$(inherited) @executable_path/Frameworks @loader_path/Frameworks";
				PRODUCT_BUNDLE_IDENTIFIER = "com.snapsale.SnapImagePicker-UI-Tests";
				PRODUCT_NAME = "$(TARGET_NAME)";
				TEST_TARGET_NAME = Example_Project;
			};
			name = Release;
		};
		D883009F1D06C72600399612 /* Debug */ = {
			isa = XCBuildConfiguration;
			buildSettings = {
				ALWAYS_SEARCH_USER_PATHS = NO;
				CLANG_ANALYZER_NONNULL = YES;
				CLANG_CXX_LANGUAGE_STANDARD = "gnu++0x";
				CLANG_CXX_LIBRARY = "libc++";
				CLANG_ENABLE_MODULES = YES;
				CLANG_ENABLE_OBJC_ARC = YES;
				CLANG_WARN_BOOL_CONVERSION = YES;
				CLANG_WARN_CONSTANT_CONVERSION = YES;
				CLANG_WARN_DIRECT_OBJC_ISA_USAGE = YES_ERROR;
				CLANG_WARN_EMPTY_BODY = YES;
				CLANG_WARN_ENUM_CONVERSION = YES;
				CLANG_WARN_INT_CONVERSION = YES;
				CLANG_WARN_OBJC_ROOT_CLASS = YES_ERROR;
				CLANG_WARN_UNREACHABLE_CODE = YES;
				CLANG_WARN__DUPLICATE_METHOD_MATCH = YES;
				"CODE_SIGN_IDENTITY[sdk=iphoneos*]" = "iPhone Developer";
				COPY_PHASE_STRIP = NO;
				DEBUG_INFORMATION_FORMAT = dwarf;
				ENABLE_STRICT_OBJC_MSGSEND = YES;
				ENABLE_TESTABILITY = YES;
				GCC_C_LANGUAGE_STANDARD = gnu99;
				GCC_DYNAMIC_NO_PIC = NO;
				GCC_NO_COMMON_BLOCKS = YES;
				GCC_OPTIMIZATION_LEVEL = 0;
				GCC_PREPROCESSOR_DEFINITIONS = (
					"DEBUG=1",
					"$(inherited)",
				);
				GCC_WARN_64_TO_32_BIT_CONVERSION = YES;
				GCC_WARN_ABOUT_RETURN_TYPE = YES_ERROR;
				GCC_WARN_UNDECLARED_SELECTOR = YES;
				GCC_WARN_UNINITIALIZED_AUTOS = YES_AGGRESSIVE;
				GCC_WARN_UNUSED_FUNCTION = YES;
				GCC_WARN_UNUSED_VARIABLE = YES;
				IPHONEOS_DEPLOYMENT_TARGET = 8.0;
				MTL_ENABLE_DEBUG_INFO = YES;
				ONLY_ACTIVE_ARCH = YES;
				PROVISIONING_PROFILE = "";
				SDKROOT = iphoneos;
				SWIFT_OPTIMIZATION_LEVEL = "-Onone";
				TARGETED_DEVICE_FAMILY = "1,2";
			};
			name = Debug;
		};
		D88300A01D06C72600399612 /* Release */ = {
			isa = XCBuildConfiguration;
			buildSettings = {
				ALWAYS_SEARCH_USER_PATHS = NO;
				CLANG_ANALYZER_NONNULL = YES;
				CLANG_CXX_LANGUAGE_STANDARD = "gnu++0x";
				CLANG_CXX_LIBRARY = "libc++";
				CLANG_ENABLE_MODULES = YES;
				CLANG_ENABLE_OBJC_ARC = YES;
				CLANG_WARN_BOOL_CONVERSION = YES;
				CLANG_WARN_CONSTANT_CONVERSION = YES;
				CLANG_WARN_DIRECT_OBJC_ISA_USAGE = YES_ERROR;
				CLANG_WARN_EMPTY_BODY = YES;
				CLANG_WARN_ENUM_CONVERSION = YES;
				CLANG_WARN_INT_CONVERSION = YES;
				CLANG_WARN_OBJC_ROOT_CLASS = YES_ERROR;
				CLANG_WARN_UNREACHABLE_CODE = YES;
				CLANG_WARN__DUPLICATE_METHOD_MATCH = YES;
				"CODE_SIGN_IDENTITY[sdk=iphoneos*]" = "iPhone Developer";
				COPY_PHASE_STRIP = NO;
				DEBUG_INFORMATION_FORMAT = "dwarf-with-dsym";
				ENABLE_NS_ASSERTIONS = NO;
				ENABLE_STRICT_OBJC_MSGSEND = YES;
				GCC_C_LANGUAGE_STANDARD = gnu99;
				GCC_NO_COMMON_BLOCKS = YES;
				GCC_WARN_64_TO_32_BIT_CONVERSION = YES;
				GCC_WARN_ABOUT_RETURN_TYPE = YES_ERROR;
				GCC_WARN_UNDECLARED_SELECTOR = YES;
				GCC_WARN_UNINITIALIZED_AUTOS = YES_AGGRESSIVE;
				GCC_WARN_UNUSED_FUNCTION = YES;
				GCC_WARN_UNUSED_VARIABLE = YES;
				IPHONEOS_DEPLOYMENT_TARGET = 8.0;
				MTL_ENABLE_DEBUG_INFO = NO;
				PROVISIONING_PROFILE = "";
				SDKROOT = iphoneos;
				TARGETED_DEVICE_FAMILY = "1,2";
				VALIDATE_PRODUCT = YES;
			};
			name = Release;
		};
		D88300A21D06C72600399612 /* Debug */ = {
			isa = XCBuildConfiguration;
			baseConfigurationReference = D071DB34BA29D0DE244DB5F3 /* Pods-Example_Project.debug.xcconfig */;
			buildSettings = {
				ASSETCATALOG_COMPILER_APPICON_NAME = AppIcon;
				CODE_SIGN_IDENTITY = "iPhone Developer: Geir Engdahl (MBERW5NC58)";
				"CODE_SIGN_IDENTITY[sdk=iphoneos*]" = "iPhone Developer: Geir Engdahl (MBERW5NC58)";
				ENABLE_BITCODE = NO;
				INFOPLIST_FILE = Example_Project/Info.plist;
				IPHONEOS_DEPLOYMENT_TARGET = 8.0;
				LD_RUNPATH_SEARCH_PATHS = "$(inherited) @executable_path/Frameworks";
				PRODUCT_BUNDLE_IDENTIFIER = com.snapsale.SnapImagePicker.ExampleProject;
				PRODUCT_NAME = "$(TARGET_NAME)";
				PROVISIONING_PROFILE = "92dc7c83-aaf9-4133-bf1a-fccad74c9497";
			};
			name = Debug;
		};
		D88300A31D06C72600399612 /* Release */ = {
			isa = XCBuildConfiguration;
			baseConfigurationReference = 32DFFEDAC20492EE9F41DFBA /* Pods-Example_Project.release.xcconfig */;
			buildSettings = {
				ASSETCATALOG_COMPILER_APPICON_NAME = AppIcon;
				CODE_SIGN_IDENTITY = "iPhone Developer";
				"CODE_SIGN_IDENTITY[sdk=iphoneos*]" = "iPhone Developer";
				ENABLE_BITCODE = NO;
				INFOPLIST_FILE = Example_Project/Info.plist;
				IPHONEOS_DEPLOYMENT_TARGET = 8.0;
				LD_RUNPATH_SEARCH_PATHS = "$(inherited) @executable_path/Frameworks";
				PRODUCT_BUNDLE_IDENTIFIER = com.snapsale.SnapImagePicker.ExampleProject;
				PRODUCT_NAME = "$(TARGET_NAME)";
				PROVISIONING_PROFILE = "";
			};
			name = Release;
		};
		D89D6FFE1D06CC06007DD132 /* Debug */ = {
			isa = XCBuildConfiguration;
			baseConfigurationReference = 9445E2E881A2210E6EACFDF4 /* Pods-SnapImagePicker.debug.xcconfig */;
			buildSettings = {
				CLANG_ENABLE_MODULES = YES;
				CURRENT_PROJECT_VERSION = 1;
				DEFINES_MODULE = YES;
				DYLIB_COMPATIBILITY_VERSION = 1;
				DYLIB_CURRENT_VERSION = 1;
				DYLIB_INSTALL_NAME_BASE = "@rpath";
				ENABLE_BITCODE = NO;
				INFOPLIST_FILE = SnapImagePicker/Info.plist;
				INSTALL_PATH = "$(LOCAL_LIBRARY_DIR)/Frameworks";
				LD_RUNPATH_SEARCH_PATHS = "$(inherited) @executable_path/Frameworks @loader_path/Frameworks";
				PRODUCT_BUNDLE_IDENTIFIER = com.snapsale.SnapImagePicker;
				PRODUCT_NAME = "$(TARGET_NAME)";
				SKIP_INSTALL = YES;
				SWIFT_OPTIMIZATION_LEVEL = "-Onone";
				VERSIONING_SYSTEM = "apple-generic";
				VERSION_INFO_PREFIX = "";
			};
			name = Debug;
		};
		D89D6FFF1D06CC06007DD132 /* Release */ = {
			isa = XCBuildConfiguration;
			baseConfigurationReference = 639F66A051884F3BB8E3488C /* Pods-SnapImagePicker.release.xcconfig */;
			buildSettings = {
				CLANG_ENABLE_MODULES = YES;
				CURRENT_PROJECT_VERSION = 1;
				DEFINES_MODULE = YES;
				DYLIB_COMPATIBILITY_VERSION = 1;
				DYLIB_CURRENT_VERSION = 1;
				DYLIB_INSTALL_NAME_BASE = "@rpath";
				ENABLE_BITCODE = NO;
				INFOPLIST_FILE = SnapImagePicker/Info.plist;
				INSTALL_PATH = "$(LOCAL_LIBRARY_DIR)/Frameworks";
				LD_RUNPATH_SEARCH_PATHS = "$(inherited) @executable_path/Frameworks @loader_path/Frameworks";
				PRODUCT_BUNDLE_IDENTIFIER = com.snapsale.SnapImagePicker;
				PRODUCT_NAME = "$(TARGET_NAME)";
				SKIP_INSTALL = YES;
				VERSIONING_SYSTEM = "apple-generic";
				VERSION_INFO_PREFIX = "";
			};
			name = Release;
		};
		D89D70021D06CC06007DD132 /* Debug */ = {
			isa = XCBuildConfiguration;
			baseConfigurationReference = E46A04D19BECC3EDEF73F577 /* Pods-SnapImagePicker_Unit_Tests.debug.xcconfig */;
			buildSettings = {
				CLANG_ENABLE_MODULES = YES;
				INFOPLIST_FILE = SnapImagePicker_Unit_Tests/Info.plist;
				LD_RUNPATH_SEARCH_PATHS = "$(inherited) @executable_path/Frameworks @loader_path/Frameworks";
				PRODUCT_BUNDLE_IDENTIFIER = com.snapsale.SnapImagePickerTests;
				PRODUCT_NAME = "$(TARGET_NAME)";
				SWIFT_OPTIMIZATION_LEVEL = "-Owholemodule";
				TEST_HOST = "$(BUILT_PRODUCTS_DIR)/Example_Project.app/Example_Project";
			};
			name = Debug;
		};
		D89D70031D06CC06007DD132 /* Release */ = {
			isa = XCBuildConfiguration;
			baseConfigurationReference = D4107D64144A6F2592CFC6AA /* Pods-SnapImagePicker_Unit_Tests.release.xcconfig */;
			buildSettings = {
				CLANG_ENABLE_MODULES = YES;
				INFOPLIST_FILE = SnapImagePicker_Unit_Tests/Info.plist;
				LD_RUNPATH_SEARCH_PATHS = "$(inherited) @executable_path/Frameworks @loader_path/Frameworks";
				PRODUCT_BUNDLE_IDENTIFIER = com.snapsale.SnapImagePickerTests;
				PRODUCT_NAME = "$(TARGET_NAME)";
				TEST_HOST = "$(BUILT_PRODUCTS_DIR)/Example_Project.app/Example_Project";
			};
			name = Release;
		};
/* End XCBuildConfiguration section */

/* Begin XCConfigurationList section */
		D812DDF41D362C9200F0E488 /* Build configuration list for PBXNativeTarget "SnapImagePicker_Snapshot_Tests" */ = {
			isa = XCConfigurationList;
			buildConfigurations = (
				D812DDF51D362C9200F0E488 /* Debug */,
				D812DDF61D362C9200F0E488 /* Release */,
			);
			defaultConfigurationIsVisible = 0;
			defaultConfigurationName = Release;
		};
		D84614071D368B5E00B2A71D /* Build configuration list for PBXNativeTarget "SnapImagePicker_UI_Tests" */ = {
			isa = XCConfigurationList;
			buildConfigurations = (
				D84614081D368B5E00B2A71D /* Debug */,
				D84614091D368B5E00B2A71D /* Release */,
			);
			defaultConfigurationIsVisible = 0;
			defaultConfigurationName = Release;
		};
		D88300741D06C72600399612 /* Build configuration list for PBXProject "SnapImagePicker" */ = {
			isa = XCConfigurationList;
			buildConfigurations = (
				D883009F1D06C72600399612 /* Debug */,
				D88300A01D06C72600399612 /* Release */,
			);
			defaultConfigurationIsVisible = 0;
			defaultConfigurationName = Release;
		};
		D88300A11D06C72600399612 /* Build configuration list for PBXNativeTarget "Example_Project" */ = {
			isa = XCConfigurationList;
			buildConfigurations = (
				D88300A21D06C72600399612 /* Debug */,
				D88300A31D06C72600399612 /* Release */,
			);
			defaultConfigurationIsVisible = 0;
			defaultConfigurationName = Release;
		};
		D89D6FFD1D06CC06007DD132 /* Build configuration list for PBXNativeTarget "SnapImagePicker" */ = {
			isa = XCConfigurationList;
			buildConfigurations = (
				D89D6FFE1D06CC06007DD132 /* Debug */,
				D89D6FFF1D06CC06007DD132 /* Release */,
			);
			defaultConfigurationIsVisible = 0;
			defaultConfigurationName = Release;
		};
		D89D70011D06CC06007DD132 /* Build configuration list for PBXNativeTarget "SnapImagePicker_Unit_Tests" */ = {
			isa = XCConfigurationList;
			buildConfigurations = (
				D89D70021D06CC06007DD132 /* Debug */,
				D89D70031D06CC06007DD132 /* Release */,
			);
			defaultConfigurationIsVisible = 0;
			defaultConfigurationName = Release;
		};
/* End XCConfigurationList section */
	};
	rootObject = D88300711D06C72600399612 /* Project object */;
}
